// !$*UTF8*$!
{
	archiveVersion = 1;
	classes = {
	};
	objectVersion = 56;
	objects = {

/* Begin PBXBuildFile section */
		B2085C142B48671E004D904A /* Media_EditorApp.swift in Sources */ = {isa = PBXBuildFile; fileRef = B2085C132B48671E004D904A /* Media_EditorApp.swift */; };
		B2085C1B2B48671F004D904A /* Preview Assets.xcassets in Resources */ = {isa = PBXBuildFile; fileRef = B2085C1A2B48671F004D904A /* Preview Assets.xcassets */; };
		B2085C222B4867D7004D904A /* MenuView.swift in Sources */ = {isa = PBXBuildFile; fileRef = B2085C212B4867D7004D904A /* MenuView.swift */; };
		B2085C262B486DA8004D904A /* Kingfisher in Frameworks */ = {isa = PBXBuildFile; productRef = B2085C252B486DA8004D904A /* Kingfisher */; };
		B21103472B494F1400CA4981 /* ProjectType.swift in Sources */ = {isa = PBXBuildFile; fileRef = B21103462B494F1400CA4981 /* ProjectType.swift */; };
		B211034B2B495A5B00CA4981 /* ImageExtensions.swift in Sources */ = {isa = PBXBuildFile; fileRef = B211034A2B495A5B00CA4981 /* ImageExtensions.swift */; };
		B21103502B496B7700CA4981 /* Frameable.swift in Sources */ = {isa = PBXBuildFile; fileRef = B211034F2B496B7700CA4981 /* Frameable.swift */; };
		B21103522B496C8700CA4981 /* PhotoEntity.swift in Sources */ = {isa = PBXBuildFile; fileRef = B21103512B496C8700CA4981 /* PhotoEntity.swift */; };
		B21103542B496DEA00CA4981 /* MovieEntity.swift in Sources */ = {isa = PBXBuildFile; fileRef = B21103532B496DEA00CA4981 /* MovieEntity.swift */; };
		B21103572B496F2F00CA4981 /* Model.xcdatamodeld in Sources */ = {isa = PBXBuildFile; fileRef = B21103552B496F2F00CA4981 /* Model.xcdatamodeld */; };
		B211035A2B49705900CA4981 /* PersistenceController.swift in Sources */ = {isa = PBXBuildFile; fileRef = B21103592B49705900CA4981 /* PersistenceController.swift */; };
		B21103642B49796100CA4981 /* ProjectEntity.swift in Sources */ = {isa = PBXBuildFile; fileRef = B21103622B49796100CA4981 /* ProjectEntity.swift */; };
		B21103692B49856E00CA4981 /* ViewExtensions.swift in Sources */ = {isa = PBXBuildFile; fileRef = B21103682B49856E00CA4981 /* ViewExtensions.swift */; };
		B211036A2B499D3D00CA4981 /* Assets.xcassets in Resources */ = {isa = PBXBuildFile; fileRef = B2085C172B48671F004D904A /* Assets.xcassets */; };
		B211036E2B499DE200CA4981 /* ex_movie.mp4 in Resources */ = {isa = PBXBuildFile; fileRef = B211036C2B499DE200CA4981 /* ex_movie.mp4 */; };
		B211036F2B499DE200CA4981 /* ex_image.jpg in Resources */ = {isa = PBXBuildFile; fileRef = B211036D2B499DE200CA4981 /* ex_image.jpg */; };
		B21103712B49AB4500CA4981 /* MenuScrollView.swift in Sources */ = {isa = PBXBuildFile; fileRef = B21103702B49AB4500CA4981 /* MenuScrollView.swift */; };
		B21103742B49C02300CA4981 /* MenuViewModel.swift in Sources */ = {isa = PBXBuildFile; fileRef = B21103732B49C02300CA4981 /* MenuViewModel.swift */; };
		B271509C2B4AC94600411F9A /* ManageProjectSheetView.swift in Sources */ = {isa = PBXBuildFile; fileRef = B271509B2B4AC94600411F9A /* ManageProjectSheetView.swift */; };
		B271509E2B4AD00500411F9A /* AddProjectView.swift in Sources */ = {isa = PBXBuildFile; fileRef = B271509D2B4AD00500411F9A /* AddProjectView.swift */; };
		B27150A02B4AD62D00411F9A /* AddProjectViewModel.swift in Sources */ = {isa = PBXBuildFile; fileRef = B271509F2B4AD62D00411F9A /* AddProjectViewModel.swift */; };
		B27150A42B4AE77200411F9A /* ScrollViewExtensions.swift in Sources */ = {isa = PBXBuildFile; fileRef = B27150A32B4AE77200411F9A /* ScrollViewExtensions.swift */; };
		B27150A62B4B03C400411F9A /* CGSizeExtensions.swift in Sources */ = {isa = PBXBuildFile; fileRef = B27150A52B4B03C400411F9A /* CGSizeExtensions.swift */; };
		B2B2B1092B4BF6E200E3E8A6 /* PhotoLibraryService.swift in Sources */ = {isa = PBXBuildFile; fileRef = B2B2B1082B4BF6E200E3E8A6 /* PhotoLibraryService.swift */; };
		B2B2B10C2B4C026E00E3E8A6 /* PhotoError.swift in Sources */ = {isa = PBXBuildFile; fileRef = B2B2B10B2B4C026E00E3E8A6 /* PhotoError.swift */; };
		B2B2B10E2B4C17D800E3E8A6 /* PHAssetExtensions.swift in Sources */ = {isa = PBXBuildFile; fileRef = B2B2B10D2B4C17D800E3E8A6 /* PHAssetExtensions.swift */; };
		B2BD0E272B4EC2F900D53B77 /* UIScreenExtensions.swift in Sources */ = {isa = PBXBuildFile; fileRef = B2BD0E262B4EC2F900D53B77 /* UIScreenExtensions.swift */; };
		B2BD0E292B4EF1E100D53B77 /* PHAssetMediaTypeExtensions.swift in Sources */ = {isa = PBXBuildFile; fileRef = B2BD0E282B4EF1E100D53B77 /* PHAssetMediaTypeExtensions.swift */; };
/* End PBXBuildFile section */

/* Begin PBXFileReference section */
		B2085C102B48671E004D904A /* Media-Editor.app */ = {isa = PBXFileReference; explicitFileType = wrapper.application; includeInIndex = 0; path = "Media-Editor.app"; sourceTree = BUILT_PRODUCTS_DIR; };
		B2085C132B48671E004D904A /* Media_EditorApp.swift */ = {isa = PBXFileReference; lastKnownFileType = sourcecode.swift; path = Media_EditorApp.swift; sourceTree = "<group>"; };
		B2085C172B48671F004D904A /* Assets.xcassets */ = {isa = PBXFileReference; lastKnownFileType = folder.assetcatalog; path = Assets.xcassets; sourceTree = "<group>"; };
		B2085C1A2B48671F004D904A /* Preview Assets.xcassets */ = {isa = PBXFileReference; lastKnownFileType = folder.assetcatalog; path = "Preview Assets.xcassets"; sourceTree = "<group>"; };
		B2085C212B4867D7004D904A /* MenuView.swift */ = {isa = PBXFileReference; lastKnownFileType = sourcecode.swift; path = MenuView.swift; sourceTree = "<group>"; };
		B21103462B494F1400CA4981 /* ProjectType.swift */ = {isa = PBXFileReference; lastKnownFileType = sourcecode.swift; path = ProjectType.swift; sourceTree = "<group>"; };
		B211034A2B495A5B00CA4981 /* ImageExtensions.swift */ = {isa = PBXFileReference; lastKnownFileType = sourcecode.swift; path = ImageExtensions.swift; sourceTree = "<group>"; };
		B211034F2B496B7700CA4981 /* Frameable.swift */ = {isa = PBXFileReference; lastKnownFileType = sourcecode.swift; path = Frameable.swift; sourceTree = "<group>"; };
		B21103512B496C8700CA4981 /* PhotoEntity.swift */ = {isa = PBXFileReference; lastKnownFileType = sourcecode.swift; path = PhotoEntity.swift; sourceTree = "<group>"; };
		B21103532B496DEA00CA4981 /* MovieEntity.swift */ = {isa = PBXFileReference; lastKnownFileType = sourcecode.swift; path = MovieEntity.swift; sourceTree = "<group>"; };
		B21103562B496F2F00CA4981 /* Model.xcdatamodel */ = {isa = PBXFileReference; lastKnownFileType = wrapper.xcdatamodel; path = Model.xcdatamodel; sourceTree = "<group>"; };
		B21103592B49705900CA4981 /* PersistenceController.swift */ = {isa = PBXFileReference; lastKnownFileType = sourcecode.swift; path = PersistenceController.swift; sourceTree = "<group>"; };
		B21103622B49796100CA4981 /* ProjectEntity.swift */ = {isa = PBXFileReference; lastKnownFileType = sourcecode.swift; path = ProjectEntity.swift; sourceTree = "<group>"; };
		B21103682B49856E00CA4981 /* ViewExtensions.swift */ = {isa = PBXFileReference; lastKnownFileType = sourcecode.swift; path = ViewExtensions.swift; sourceTree = "<group>"; };
		B211036C2B499DE200CA4981 /* ex_movie.mp4 */ = {isa = PBXFileReference; lastKnownFileType = file; path = ex_movie.mp4; sourceTree = "<group>"; };
		B211036D2B499DE200CA4981 /* ex_image.jpg */ = {isa = PBXFileReference; lastKnownFileType = image.jpeg; path = ex_image.jpg; sourceTree = "<group>"; };
		B21103702B49AB4500CA4981 /* MenuScrollView.swift */ = {isa = PBXFileReference; lastKnownFileType = sourcecode.swift; path = MenuScrollView.swift; sourceTree = "<group>"; };
		B21103732B49C02300CA4981 /* MenuViewModel.swift */ = {isa = PBXFileReference; lastKnownFileType = sourcecode.swift; path = MenuViewModel.swift; sourceTree = "<group>"; };
		B271509B2B4AC94600411F9A /* ManageProjectSheetView.swift */ = {isa = PBXFileReference; lastKnownFileType = sourcecode.swift; path = ManageProjectSheetView.swift; sourceTree = "<group>"; };
		B271509D2B4AD00500411F9A /* AddProjectView.swift */ = {isa = PBXFileReference; lastKnownFileType = sourcecode.swift; path = AddProjectView.swift; sourceTree = "<group>"; };
		B271509F2B4AD62D00411F9A /* AddProjectViewModel.swift */ = {isa = PBXFileReference; lastKnownFileType = sourcecode.swift; path = AddProjectViewModel.swift; sourceTree = "<group>"; };
		B27150A32B4AE77200411F9A /* ScrollViewExtensions.swift */ = {isa = PBXFileReference; lastKnownFileType = sourcecode.swift; path = ScrollViewExtensions.swift; sourceTree = "<group>"; };
		B27150A52B4B03C400411F9A /* CGSizeExtensions.swift */ = {isa = PBXFileReference; lastKnownFileType = sourcecode.swift; path = CGSizeExtensions.swift; sourceTree = "<group>"; };
		B2B2B1082B4BF6E200E3E8A6 /* PhotoLibraryService.swift */ = {isa = PBXFileReference; lastKnownFileType = sourcecode.swift; path = PhotoLibraryService.swift; sourceTree = "<group>"; };
		B2B2B10B2B4C026E00E3E8A6 /* PhotoError.swift */ = {isa = PBXFileReference; lastKnownFileType = sourcecode.swift; path = PhotoError.swift; sourceTree = "<group>"; };
		B2B2B10D2B4C17D800E3E8A6 /* PHAssetExtensions.swift */ = {isa = PBXFileReference; lastKnownFileType = sourcecode.swift; path = PHAssetExtensions.swift; sourceTree = "<group>"; };
		B2BD0E262B4EC2F900D53B77 /* UIScreenExtensions.swift */ = {isa = PBXFileReference; lastKnownFileType = sourcecode.swift; path = UIScreenExtensions.swift; sourceTree = "<group>"; };
		B2BD0E282B4EF1E100D53B77 /* PHAssetMediaTypeExtensions.swift */ = {isa = PBXFileReference; lastKnownFileType = sourcecode.swift; path = PHAssetMediaTypeExtensions.swift; sourceTree = "<group>"; };
/* End PBXFileReference section */

/* Begin PBXFrameworksBuildPhase section */
		B2085C0D2B48671E004D904A /* Frameworks */ = {
			isa = PBXFrameworksBuildPhase;
			buildActionMask = 2147483647;
			files = (
				B2085C262B486DA8004D904A /* Kingfisher in Frameworks */,
			);
			runOnlyForDeploymentPostprocessing = 0;
		};
/* End PBXFrameworksBuildPhase section */

/* Begin PBXGroup section */
		B2085C072B48671E004D904A = {
			isa = PBXGroup;
			children = (
				B2085C122B48671E004D904A /* Media-Editor */,
				B2085C112B48671E004D904A /* Products */,
			);
			sourceTree = "<group>";
		};
		B2085C112B48671E004D904A /* Products */ = {
			isa = PBXGroup;
			children = (
				B2085C102B48671E004D904A /* Media-Editor.app */,
			);
			name = Products;
			sourceTree = "<group>";
		};
		B2085C122B48671E004D904A /* Media-Editor */ = {
			isa = PBXGroup;
			children = (
				B2085C172B48671F004D904A /* Assets.xcassets */,
				B2085C132B48671E004D904A /* Media_EditorApp.swift */,
				B2085C192B48671F004D904A /* Preview Content */,
				B211036B2B499DD000CA4981 /* Resources */,
				B21103582B49703D00CA4981 /* CoreData */,
				B2B2B10A2B4C026200E3E8A6 /* Errors */,
				B21103442B494EC800CA4981 /* Enums */,
				B211034E2B496B6E00CA4981 /* Protocols */,
				B21103482B495A4900CA4981 /* Extensions */,
				B2B2B1072B4BF6CA00E3E8A6 /* Services */,
				B21103452B494EFD00CA4981 /* Models */,
				B21103722B49C01A00CA4981 /* ViewModels */,
				B2085C232B4867E2004D904A /* Views */,
			);
			path = "Media-Editor";
			sourceTree = "<group>";
		};
		B2085C192B48671F004D904A /* Preview Content */ = {
			isa = PBXGroup;
			children = (
				B2085C1A2B48671F004D904A /* Preview Assets.xcassets */,
			);
			path = "Preview Content";
			sourceTree = "<group>";
		};
		B2085C232B4867E2004D904A /* Views */ = {
			isa = PBXGroup;
			children = (
				B2085C212B4867D7004D904A /* MenuView.swift */,
				B21103702B49AB4500CA4981 /* MenuScrollView.swift */,
				B271509B2B4AC94600411F9A /* ManageProjectSheetView.swift */,
				B271509D2B4AD00500411F9A /* AddProjectView.swift */,
			);
			path = Views;
			sourceTree = "<group>";
		};
		B21103442B494EC800CA4981 /* Enums */ = {
			isa = PBXGroup;
			children = (
				B21103462B494F1400CA4981 /* ProjectType.swift */,
			);
			path = Enums;
			sourceTree = "<group>";
		};
		B21103452B494EFD00CA4981 /* Models */ = {
			isa = PBXGroup;
			children = (
				B21103512B496C8700CA4981 /* PhotoEntity.swift */,
				B21103532B496DEA00CA4981 /* MovieEntity.swift */,
			);
			path = Models;
			sourceTree = "<group>";
		};
		B21103482B495A4900CA4981 /* Extensions */ = {
			isa = PBXGroup;
			children = (
				B211034A2B495A5B00CA4981 /* ImageExtensions.swift */,
				B21103682B49856E00CA4981 /* ViewExtensions.swift */,
				B27150A32B4AE77200411F9A /* ScrollViewExtensions.swift */,
				B27150A52B4B03C400411F9A /* CGSizeExtensions.swift */,
				B2B2B10D2B4C17D800E3E8A6 /* PHAssetExtensions.swift */,
				B2BD0E262B4EC2F900D53B77 /* UIScreenExtensions.swift */,
				B2BD0E282B4EF1E100D53B77 /* PHAssetMediaTypeExtensions.swift */,
			);
			path = Extensions;
			sourceTree = "<group>";
		};
		B211034E2B496B6E00CA4981 /* Protocols */ = {
			isa = PBXGroup;
			children = (
				B211034F2B496B7700CA4981 /* Frameable.swift */,
			);
			path = Protocols;
			sourceTree = "<group>";
		};
		B21103582B49703D00CA4981 /* CoreData */ = {
			isa = PBXGroup;
			children = (
				B21103552B496F2F00CA4981 /* Model.xcdatamodeld */,
				B21103592B49705900CA4981 /* PersistenceController.swift */,
				B21103622B49796100CA4981 /* ProjectEntity.swift */,
			);
			path = CoreData;
			sourceTree = "<group>";
		};
		B211036B2B499DD000CA4981 /* Resources */ = {
			isa = PBXGroup;
			children = (
				B211036D2B499DE200CA4981 /* ex_image.jpg */,
				B211036C2B499DE200CA4981 /* ex_movie.mp4 */,
			);
			path = Resources;
			sourceTree = "<group>";
		};
		B21103722B49C01A00CA4981 /* ViewModels */ = {
			isa = PBXGroup;
			children = (
				B21103732B49C02300CA4981 /* MenuViewModel.swift */,
				B271509F2B4AD62D00411F9A /* AddProjectViewModel.swift */,
			);
			path = ViewModels;
			sourceTree = "<group>";
		};
		B2B2B1072B4BF6CA00E3E8A6 /* Services */ = {
			isa = PBXGroup;
			children = (
				B2B2B1082B4BF6E200E3E8A6 /* PhotoLibraryService.swift */,
			);
			path = Services;
			sourceTree = "<group>";
		};
		B2B2B10A2B4C026200E3E8A6 /* Errors */ = {
			isa = PBXGroup;
			children = (
				B2B2B10B2B4C026E00E3E8A6 /* PhotoError.swift */,
			);
			path = Errors;
			sourceTree = "<group>";
		};
/* End PBXGroup section */

/* Begin PBXNativeTarget section */
		B2085C0F2B48671E004D904A /* Media-Editor */ = {
			isa = PBXNativeTarget;
			buildConfigurationList = B2085C1E2B48671F004D904A /* Build configuration list for PBXNativeTarget "Media-Editor" */;
			buildPhases = (
				B2085C0C2B48671E004D904A /* Sources */,
				B2085C0D2B48671E004D904A /* Frameworks */,
				B2085C0E2B48671E004D904A /* Resources */,
			);
			buildRules = (
			);
			dependencies = (
			);
			name = "Media-Editor";
			packageProductDependencies = (
				B2085C252B486DA8004D904A /* Kingfisher */,
			);
			productName = "Media-Editor";
			productReference = B2085C102B48671E004D904A /* Media-Editor.app */;
			productType = "com.apple.product-type.application";
		};
/* End PBXNativeTarget section */

/* Begin PBXProject section */
		B2085C082B48671E004D904A /* Project object */ = {
			isa = PBXProject;
			attributes = {
				BuildIndependentTargetsInParallel = 1;
				LastSwiftUpdateCheck = 1510;
				LastUpgradeCheck = 1510;
				TargetAttributes = {
					B2085C0F2B48671E004D904A = {
						CreatedOnToolsVersion = 15.1;
					};
				};
			};
			buildConfigurationList = B2085C0B2B48671E004D904A /* Build configuration list for PBXProject "Media-Editor" */;
			compatibilityVersion = "Xcode 14.0";
			developmentRegion = en;
			hasScannedForEncodings = 0;
			knownRegions = (
				en,
				Base,
			);
			mainGroup = B2085C072B48671E004D904A;
			packageReferences = (
				B2085C242B486DA8004D904A /* XCRemoteSwiftPackageReference "Kingfisher" */,
			);
			productRefGroup = B2085C112B48671E004D904A /* Products */;
			projectDirPath = "";
			projectRoot = "";
			targets = (
				B2085C0F2B48671E004D904A /* Media-Editor */,
			);
		};
/* End PBXProject section */

/* Begin PBXResourcesBuildPhase section */
		B2085C0E2B48671E004D904A /* Resources */ = {
			isa = PBXResourcesBuildPhase;
			buildActionMask = 2147483647;
			files = (
				B211036A2B499D3D00CA4981 /* Assets.xcassets in Resources */,
				B2085C1B2B48671F004D904A /* Preview Assets.xcassets in Resources */,
				B211036F2B499DE200CA4981 /* ex_image.jpg in Resources */,
				B211036E2B499DE200CA4981 /* ex_movie.mp4 in Resources */,
			);
			runOnlyForDeploymentPostprocessing = 0;
		};
/* End PBXResourcesBuildPhase section */

/* Begin PBXSourcesBuildPhase section */
		B2085C0C2B48671E004D904A /* Sources */ = {
			isa = PBXSourcesBuildPhase;
			buildActionMask = 2147483647;
			files = (
				B27150A02B4AD62D00411F9A /* AddProjectViewModel.swift in Sources */,
				B2BD0E272B4EC2F900D53B77 /* UIScreenExtensions.swift in Sources */,
				B271509E2B4AD00500411F9A /* AddProjectView.swift in Sources */,
				B21103642B49796100CA4981 /* ProjectEntity.swift in Sources */,
				B21103742B49C02300CA4981 /* MenuViewModel.swift in Sources */,
				B2B2B1092B4BF6E200E3E8A6 /* PhotoLibraryService.swift in Sources */,
				B21103522B496C8700CA4981 /* PhotoEntity.swift in Sources */,
				B21103542B496DEA00CA4981 /* MovieEntity.swift in Sources */,
				B21103472B494F1400CA4981 /* ProjectType.swift in Sources */,
				B2085C222B4867D7004D904A /* MenuView.swift in Sources */,
				B2085C142B48671E004D904A /* Media_EditorApp.swift in Sources */,
				B271509C2B4AC94600411F9A /* ManageProjectSheetView.swift in Sources */,
				B2B2B10C2B4C026E00E3E8A6 /* PhotoError.swift in Sources */,
				B21103712B49AB4500CA4981 /* MenuScrollView.swift in Sources */,
				B27150A62B4B03C400411F9A /* CGSizeExtensions.swift in Sources */,
				B21103572B496F2F00CA4981 /* Model.xcdatamodeld in Sources */,
				B21103692B49856E00CA4981 /* ViewExtensions.swift in Sources */,
				B2BD0E292B4EF1E100D53B77 /* PHAssetMediaTypeExtensions.swift in Sources */,
				B27150A42B4AE77200411F9A /* ScrollViewExtensions.swift in Sources */,
				B2B2B10E2B4C17D800E3E8A6 /* PHAssetExtensions.swift in Sources */,
				B21103502B496B7700CA4981 /* Frameable.swift in Sources */,
				B211034B2B495A5B00CA4981 /* ImageExtensions.swift in Sources */,
				B211035A2B49705900CA4981 /* PersistenceController.swift in Sources */,
			);
			runOnlyForDeploymentPostprocessing = 0;
		};
/* End PBXSourcesBuildPhase section */

/* Begin XCBuildConfiguration section */
		B2085C1C2B48671F004D904A /* Debug */ = {
			isa = XCBuildConfiguration;
			buildSettings = {
				ALWAYS_SEARCH_USER_PATHS = NO;
				ASSETCATALOG_COMPILER_GENERATE_SWIFT_ASSET_SYMBOL_EXTENSIONS = YES;
				CLANG_ANALYZER_NONNULL = YES;
				CLANG_ANALYZER_NUMBER_OBJECT_CONVERSION = YES_AGGRESSIVE;
				CLANG_CXX_LANGUAGE_STANDARD = "gnu++20";
				CLANG_ENABLE_MODULES = YES;
				CLANG_ENABLE_OBJC_ARC = YES;
				CLANG_ENABLE_OBJC_WEAK = YES;
				CLANG_WARN_BLOCK_CAPTURE_AUTORELEASING = YES;
				CLANG_WARN_BOOL_CONVERSION = YES;
				CLANG_WARN_COMMA = YES;
				CLANG_WARN_CONSTANT_CONVERSION = YES;
				CLANG_WARN_DEPRECATED_OBJC_IMPLEMENTATIONS = YES;
				CLANG_WARN_DIRECT_OBJC_ISA_USAGE = YES_ERROR;
				CLANG_WARN_DOCUMENTATION_COMMENTS = YES;
				CLANG_WARN_EMPTY_BODY = YES;
				CLANG_WARN_ENUM_CONVERSION = YES;
				CLANG_WARN_INFINITE_RECURSION = YES;
				CLANG_WARN_INT_CONVERSION = YES;
				CLANG_WARN_NON_LITERAL_NULL_CONVERSION = YES;
				CLANG_WARN_OBJC_IMPLICIT_RETAIN_SELF = YES;
				CLANG_WARN_OBJC_LITERAL_CONVERSION = YES;
				CLANG_WARN_OBJC_ROOT_CLASS = YES_ERROR;
				CLANG_WARN_QUOTED_INCLUDE_IN_FRAMEWORK_HEADER = YES;
				CLANG_WARN_RANGE_LOOP_ANALYSIS = YES;
				CLANG_WARN_STRICT_PROTOTYPES = YES;
				CLANG_WARN_SUSPICIOUS_MOVE = YES;
				CLANG_WARN_UNGUARDED_AVAILABILITY = YES_AGGRESSIVE;
				CLANG_WARN_UNREACHABLE_CODE = YES;
				CLANG_WARN__DUPLICATE_METHOD_MATCH = YES;
				COPY_PHASE_STRIP = NO;
				DEBUG_INFORMATION_FORMAT = dwarf;
				ENABLE_STRICT_OBJC_MSGSEND = YES;
				ENABLE_TESTABILITY = YES;
				ENABLE_USER_SCRIPT_SANDBOXING = YES;
				GCC_C_LANGUAGE_STANDARD = gnu17;
				GCC_DYNAMIC_NO_PIC = NO;
				GCC_NO_COMMON_BLOCKS = YES;
				GCC_OPTIMIZATION_LEVEL = 0;
				GCC_PREPROCESSOR_DEFINITIONS = (
					"DEBUG=1",
					"$(inherited)",
				);
				GCC_WARN_64_TO_32_BIT_CONVERSION = YES;
				GCC_WARN_ABOUT_RETURN_TYPE = YES_ERROR;
				GCC_WARN_UNDECLARED_SELECTOR = YES;
				GCC_WARN_UNINITIALIZED_AUTOS = YES_AGGRESSIVE;
				GCC_WARN_UNUSED_FUNCTION = YES;
				GCC_WARN_UNUSED_VARIABLE = YES;
				IPHONEOS_DEPLOYMENT_TARGET = 17.2;
				LOCALIZATION_PREFERS_STRING_CATALOGS = YES;
				MTL_ENABLE_DEBUG_INFO = INCLUDE_SOURCE;
				MTL_FAST_MATH = YES;
				ONLY_ACTIVE_ARCH = YES;
				SDKROOT = iphoneos;
				SWIFT_ACTIVE_COMPILATION_CONDITIONS = "DEBUG $(inherited)";
				SWIFT_OPTIMIZATION_LEVEL = "-Onone";
			};
			name = Debug;
		};
		B2085C1D2B48671F004D904A /* Release */ = {
			isa = XCBuildConfiguration;
			buildSettings = {
				ALWAYS_SEARCH_USER_PATHS = NO;
				ASSETCATALOG_COMPILER_GENERATE_SWIFT_ASSET_SYMBOL_EXTENSIONS = YES;
				CLANG_ANALYZER_NONNULL = YES;
				CLANG_ANALYZER_NUMBER_OBJECT_CONVERSION = YES_AGGRESSIVE;
				CLANG_CXX_LANGUAGE_STANDARD = "gnu++20";
				CLANG_ENABLE_MODULES = YES;
				CLANG_ENABLE_OBJC_ARC = YES;
				CLANG_ENABLE_OBJC_WEAK = YES;
				CLANG_WARN_BLOCK_CAPTURE_AUTORELEASING = YES;
				CLANG_WARN_BOOL_CONVERSION = YES;
				CLANG_WARN_COMMA = YES;
				CLANG_WARN_CONSTANT_CONVERSION = YES;
				CLANG_WARN_DEPRECATED_OBJC_IMPLEMENTATIONS = YES;
				CLANG_WARN_DIRECT_OBJC_ISA_USAGE = YES_ERROR;
				CLANG_WARN_DOCUMENTATION_COMMENTS = YES;
				CLANG_WARN_EMPTY_BODY = YES;
				CLANG_WARN_ENUM_CONVERSION = YES;
				CLANG_WARN_INFINITE_RECURSION = YES;
				CLANG_WARN_INT_CONVERSION = YES;
				CLANG_WARN_NON_LITERAL_NULL_CONVERSION = YES;
				CLANG_WARN_OBJC_IMPLICIT_RETAIN_SELF = YES;
				CLANG_WARN_OBJC_LITERAL_CONVERSION = YES;
				CLANG_WARN_OBJC_ROOT_CLASS = YES_ERROR;
				CLANG_WARN_QUOTED_INCLUDE_IN_FRAMEWORK_HEADER = YES;
				CLANG_WARN_RANGE_LOOP_ANALYSIS = YES;
				CLANG_WARN_STRICT_PROTOTYPES = YES;
				CLANG_WARN_SUSPICIOUS_MOVE = YES;
				CLANG_WARN_UNGUARDED_AVAILABILITY = YES_AGGRESSIVE;
				CLANG_WARN_UNREACHABLE_CODE = YES;
				CLANG_WARN__DUPLICATE_METHOD_MATCH = YES;
				COPY_PHASE_STRIP = NO;
				DEBUG_INFORMATION_FORMAT = "dwarf-with-dsym";
				ENABLE_NS_ASSERTIONS = NO;
				ENABLE_STRICT_OBJC_MSGSEND = YES;
				ENABLE_USER_SCRIPT_SANDBOXING = YES;
				GCC_C_LANGUAGE_STANDARD = gnu17;
				GCC_NO_COMMON_BLOCKS = YES;
				GCC_WARN_64_TO_32_BIT_CONVERSION = YES;
				GCC_WARN_ABOUT_RETURN_TYPE = YES_ERROR;
				GCC_WARN_UNDECLARED_SELECTOR = YES;
				GCC_WARN_UNINITIALIZED_AUTOS = YES_AGGRESSIVE;
				GCC_WARN_UNUSED_FUNCTION = YES;
				GCC_WARN_UNUSED_VARIABLE = YES;
				IPHONEOS_DEPLOYMENT_TARGET = 17.2;
				LOCALIZATION_PREFERS_STRING_CATALOGS = YES;
				MTL_ENABLE_DEBUG_INFO = NO;
				MTL_FAST_MATH = YES;
				SDKROOT = iphoneos;
				SWIFT_COMPILATION_MODE = wholemodule;
				VALIDATE_PRODUCT = YES;
			};
			name = Release;
		};
		B2085C1F2B48671F004D904A /* Debug */ = {
			isa = XCBuildConfiguration;
			buildSettings = {
				ASSETCATALOG_COMPILER_APPICON_NAME = AppIcon;
				ASSETCATALOG_COMPILER_GLOBAL_ACCENT_COLOR_NAME = AccentColor;
				CODE_SIGN_STYLE = Automatic;
				CURRENT_PROJECT_VERSION = 1;
				DEVELOPMENT_ASSET_PATHS = "\"Media-Editor/Preview Content\"";
				DEVELOPMENT_TEAM = J6U333HZ7J;
				ENABLE_PREVIEWS = YES;
				GENERATE_INFOPLIST_FILE = YES;
				INFOPLIST_KEY_NSPhotoLibraryUsageDescription = "Please allow usage of your Photo Library to create a project";
				INFOPLIST_KEY_UIApplicationSceneManifest_Generation = YES;
				INFOPLIST_KEY_UIApplicationSupportsIndirectInputEvents = YES;
				INFOPLIST_KEY_UILaunchScreen_Generation = YES;
				INFOPLIST_KEY_UISupportedInterfaceOrientations = UIInterfaceOrientationPortrait;
				INFOPLIST_KEY_UISupportedInterfaceOrientations_iPad = "UIInterfaceOrientationLandscapeLeft UIInterfaceOrientationLandscapeRight UIInterfaceOrientationPortrait UIInterfaceOrientationPortraitUpsideDown";
				IPHONEOS_DEPLOYMENT_TARGET = 15.0;
				LD_RUNPATH_SEARCH_PATHS = (
					"$(inherited)",
					"@executable_path/Frameworks",
				);
				MARKETING_VERSION = 1.0;
				PRODUCT_BUNDLE_IDENTIFIER = "lukaszbielawski.Media-Editor";
				PRODUCT_NAME = "$(TARGET_NAME)";
				SWIFT_EMIT_LOC_STRINGS = YES;
				SWIFT_VERSION = 5.0;
				TARGETED_DEVICE_FAMILY = "1,2";
			};
			name = Debug;
		};
		B2085C202B48671F004D904A /* Release */ = {
			isa = XCBuildConfiguration;
			buildSettings = {
				ASSETCATALOG_COMPILER_APPICON_NAME = AppIcon;
				ASSETCATALOG_COMPILER_GLOBAL_ACCENT_COLOR_NAME = AccentColor;
				CODE_SIGN_STYLE = Automatic;
				CURRENT_PROJECT_VERSION = 1;
				DEVELOPMENT_ASSET_PATHS = "\"Media-Editor/Preview Content\"";
				DEVELOPMENT_TEAM = J6U333HZ7J;
				ENABLE_PREVIEWS = YES;
				GENERATE_INFOPLIST_FILE = YES;
				INFOPLIST_KEY_NSPhotoLibraryUsageDescription = "Please allow usage of your Photo Library to create a project";
				INFOPLIST_KEY_UIApplicationSceneManifest_Generation = YES;
				INFOPLIST_KEY_UIApplicationSupportsIndirectInputEvents = YES;
				INFOPLIST_KEY_UILaunchScreen_Generation = YES;
				INFOPLIST_KEY_UISupportedInterfaceOrientations = UIInterfaceOrientationPortrait;
				INFOPLIST_KEY_UISupportedInterfaceOrientations_iPad = "UIInterfaceOrientationLandscapeLeft UIInterfaceOrientationLandscapeRight UIInterfaceOrientationPortrait UIInterfaceOrientationPortraitUpsideDown";
				IPHONEOS_DEPLOYMENT_TARGET = 15.0;
				LD_RUNPATH_SEARCH_PATHS = (
					"$(inherited)",
					"@executable_path/Frameworks",
				);
				MARKETING_VERSION = 1.0;
				PRODUCT_BUNDLE_IDENTIFIER = "lukaszbielawski.Media-Editor";
				PRODUCT_NAME = "$(TARGET_NAME)";
				SWIFT_EMIT_LOC_STRINGS = YES;
				SWIFT_VERSION = 5.0;
				TARGETED_DEVICE_FAMILY = "1,2";
			};
			name = Release;
		};
/* End XCBuildConfiguration section */

/* Begin XCConfigurationList section */
		B2085C0B2B48671E004D904A /* Build configuration list for PBXProject "Media-Editor" */ = {
			isa = XCConfigurationList;
			buildConfigurations = (
				B2085C1C2B48671F004D904A /* Debug */,
				B2085C1D2B48671F004D904A /* Release */,
			);
			defaultConfigurationIsVisible = 0;
			defaultConfigurationName = Release;
		};
		B2085C1E2B48671F004D904A /* Build configuration list for PBXNativeTarget "Media-Editor" */ = {
			isa = XCConfigurationList;
			buildConfigurations = (
				B2085C1F2B48671F004D904A /* Debug */,
				B2085C202B48671F004D904A /* Release */,
			);
			defaultConfigurationIsVisible = 0;
			defaultConfigurationName = Release;
		};
/* End XCConfigurationList section */

/* Begin XCRemoteSwiftPackageReference section */
		B2085C242B486DA8004D904A /* XCRemoteSwiftPackageReference "Kingfisher" */ = {
			isa = XCRemoteSwiftPackageReference;
			repositoryURL = "https://github.com/onevcat/Kingfisher.git";
			requirement = {
				kind = upToNextMajorVersion;
				minimumVersion = 7.10.1;
			};
		};
/* End XCRemoteSwiftPackageReference section */

/* Begin XCSwiftPackageProductDependency section */
		B2085C252B486DA8004D904A /* Kingfisher */ = {
			isa = XCSwiftPackageProductDependency;
			package = B2085C242B486DA8004D904A /* XCRemoteSwiftPackageReference "Kingfisher" */;
			productName = Kingfisher;
		};
/* End XCSwiftPackageProductDependency section */

/* Begin XCVersionGroup section */
		B21103552B496F2F00CA4981 /* Model.xcdatamodeld */ = {
			isa = XCVersionGroup;
			children = (
				B21103562B496F2F00CA4981 /* Model.xcdatamodel */,
			);
			currentVersion = B21103562B496F2F00CA4981 /* Model.xcdatamodel */;
			path = Model.xcdatamodeld;
			sourceTree = "<group>";
			versionGroupType = wrapper.xcdatamodel;
		};
/* End XCVersionGroup section */
	};
	rootObject = B2085C082B48671E004D904A /* Project object */;
}
