// !$*UTF8*$!
{
	archiveVersion = 1;
	classes = {
	};
	objectVersion = 56;
	objects = {

/* Begin PBXBuildFile section */
		B200CB2B2B5008AB00BA3023 /* KeyboardNotificationService.swift in Sources */ = {isa = PBXBuildFile; fileRef = B200CB2A2B5008AB00BA3023 /* KeyboardNotificationService.swift */; };
		B200CB2D2B50165100BA3023 /* UIView.AnimationCurveExtensions.swift in Sources */ = {isa = PBXBuildFile; fileRef = B200CB2C2B50165100BA3023 /* UIView.AnimationCurveExtensions.swift */; };
		B200CB2F2B502C0800BA3023 /* HapticService.swift in Sources */ = {isa = PBXBuildFile; fileRef = B200CB2E2B502C0800BA3023 /* HapticService.swift */; };
		B200CB352B505D0700BA3023 /* FlieError.swift in Sources */ = {isa = PBXBuildFile; fileRef = B200CB342B505D0700BA3023 /* FlieError.swift */; };
		B200CB392B506A0D00BA3023 /* PhotoEntity.swift in Sources */ = {isa = PBXBuildFile; fileRef = B200CB372B506A0D00BA3023 /* PhotoEntity.swift */; };
		B200CB3B2B506B2800BA3023 /* ImageProjectView.swift in Sources */ = {isa = PBXBuildFile; fileRef = B200CB3A2B506B2700BA3023 /* ImageProjectView.swift */; };
		B200CB3D2B506C3000BA3023 /* ImageProjectViewModel.swift in Sources */ = {isa = PBXBuildFile; fileRef = B200CB3C2B506C3000BA3023 /* ImageProjectViewModel.swift */; };
		B20507582B761E6A0060854D /* PlaneModel.swift in Sources */ = {isa = PBXBuildFile; fileRef = B20507572B761E6A0060854D /* PlaneModel.swift */; };
		B205075A2B76334B0060854D /* ImageProjectView+Toolbar.swift in Sources */ = {isa = PBXBuildFile; fileRef = B20507592B76334B0060854D /* ImageProjectView+Toolbar.swift */; };
		B205075C2B764E470060854D /* FrameModel.swift in Sources */ = {isa = PBXBuildFile; fileRef = B205075B2B764E470060854D /* FrameModel.swift */; };
		B20507602B769F120060854D /* EdgeOverflowError.swift in Sources */ = {isa = PBXBuildFile; fileRef = B205075F2B769F120060854D /* EdgeOverflowError.swift */; };
		B2085C142B48671E004D904A /* MediaEditorApp.swift in Sources */ = {isa = PBXBuildFile; fileRef = B2085C132B48671E004D904A /* MediaEditorApp.swift */; };
		B2085C1B2B48671F004D904A /* Preview Assets.xcassets in Resources */ = {isa = PBXBuildFile; fileRef = B2085C1A2B48671F004D904A /* Preview Assets.xcassets */; };
		B2085C222B4867D7004D904A /* MenuView.swift in Sources */ = {isa = PBXBuildFile; fileRef = B2085C212B4867D7004D904A /* MenuView.swift */; };
		B2085C262B486DA8004D904A /* Kingfisher in Frameworks */ = {isa = PBXBuildFile; productRef = B2085C252B486DA8004D904A /* Kingfisher */; };
		B209366A2B5E82B400757317 /* ImageProjectImportPhotoGridView.swift in Sources */ = {isa = PBXBuildFile; fileRef = B20936692B5E82B400757317 /* ImageProjectImportPhotoGridView.swift */; };
		B209366C2B5E8F3E00757317 /* ImageProjectImportPhotoSummary.swift in Sources */ = {isa = PBXBuildFile; fileRef = B209366B2B5E8F3E00757317 /* ImageProjectImportPhotoSummary.swift */; };
		B209366E2B5E912200757317 /* ImageProjectImportPhotoGridTileView.swift in Sources */ = {isa = PBXBuildFile; fileRef = B209366D2B5E912200757317 /* ImageProjectImportPhotoGridTileView.swift */; };
		B20936702B5E95DD00757317 /* ColorExtensions.swift in Sources */ = {isa = PBXBuildFile; fileRef = B209366F2B5E95DD00757317 /* ColorExtensions.swift */; };
		B20936722B5E970F00757317 /* ImageProjectImportPhotoSummaryGridView.swift in Sources */ = {isa = PBXBuildFile; fileRef = B20936712B5E970F00757317 /* ImageProjectImportPhotoSummaryGridView.swift */; };
		B20936762B5EB7D000757317 /* ImageProjectPhotosImportedPreferenceKey.swift in Sources */ = {isa = PBXBuildFile; fileRef = B20936752B5EB7D000757317 /* ImageProjectPhotosImportedPreferenceKey.swift */; };
		B20936782B5ED35900757317 /* StatusBarHiddenModifier.swift in Sources */ = {isa = PBXBuildFile; fileRef = B20936772B5ED35900757317 /* StatusBarHiddenModifier.swift */; };
		B210F5FD2B7B8D9C0072AF7D /* ImageProjectToolCaseResizeView.swift in Sources */ = {isa = PBXBuildFile; fileRef = B210F5FC2B7B8D9C0072AF7D /* ImageProjectToolCaseResizeView.swift */; };
		B210F5FF2B7B90DF0072AF7D /* ImageProjectModel.swift in Sources */ = {isa = PBXBuildFile; fileRef = B210F5FE2B7B90DF0072AF7D /* ImageProjectModel.swift */; };
		B21103472B494F1400CA4981 /* ProjectType.swift in Sources */ = {isa = PBXBuildFile; fileRef = B21103462B494F1400CA4981 /* ProjectType.swift */; };
		B211034B2B495A5B00CA4981 /* ImageExtensions.swift in Sources */ = {isa = PBXBuildFile; fileRef = B211034A2B495A5B00CA4981 /* ImageExtensions.swift */; };
		B21103572B496F2F00CA4981 /* Model.xcdatamodeld in Sources */ = {isa = PBXBuildFile; fileRef = B21103552B496F2F00CA4981 /* Model.xcdatamodeld */; };
		B211035A2B49705900CA4981 /* PersistenceController.swift in Sources */ = {isa = PBXBuildFile; fileRef = B21103592B49705900CA4981 /* PersistenceController.swift */; };
		B21103642B49796100CA4981 /* ImageProjectEntity.swift in Sources */ = {isa = PBXBuildFile; fileRef = B21103622B49796100CA4981 /* ImageProjectEntity.swift */; };
		B21103692B49856E00CA4981 /* ViewExtensions.swift in Sources */ = {isa = PBXBuildFile; fileRef = B21103682B49856E00CA4981 /* ViewExtensions.swift */; };
		B211036A2B499D3D00CA4981 /* Assets.xcassets in Resources */ = {isa = PBXBuildFile; fileRef = B2085C172B48671F004D904A /* Assets.xcassets */; };
		B211036E2B499DE200CA4981 /* ex_movie.mp4 in Resources */ = {isa = PBXBuildFile; fileRef = B211036C2B499DE200CA4981 /* ex_movie.mp4 */; };
		B211036F2B499DE200CA4981 /* ex_image.jpg in Resources */ = {isa = PBXBuildFile; fileRef = B211036D2B499DE200CA4981 /* ex_image.jpg */; };
		B21103712B49AB4500CA4981 /* MenuScrollView.swift in Sources */ = {isa = PBXBuildFile; fileRef = B21103702B49AB4500CA4981 /* MenuScrollView.swift */; };
		B21103742B49C02300CA4981 /* MenuViewModel.swift in Sources */ = {isa = PBXBuildFile; fileRef = B21103732B49C02300CA4981 /* MenuViewModel.swift */; };
		B21D085D2B78D2CC0060C35F /* DoubleExtensions.swift in Sources */ = {isa = PBXBuildFile; fileRef = B21D085C2B78D2CC0060C35F /* DoubleExtensions.swift */; };
		B22744C02B5C19ED000740DF /* NavBarAccessor.swift in Sources */ = {isa = PBXBuildFile; fileRef = B22744BF2B5C19ED000740DF /* NavBarAccessor.swift */; };
		B24AD8FC2B55321300BBD1E8 /* ProjectCreatedPreferenceKey.swift in Sources */ = {isa = PBXBuildFile; fileRef = B24AD8FB2B55321300BBD1E8 /* ProjectCreatedPreferenceKey.swift */; };
		B24AD8FF2B553B1700BBD1E8 /* EntityController.swift in Sources */ = {isa = PBXBuildFile; fileRef = B24AD8FE2B553B1700BBD1E8 /* EntityController.swift */; };
		B24AD9012B553C2200BBD1E8 /* ProjectEntityController.swift in Sources */ = {isa = PBXBuildFile; fileRef = B24AD9002B553C2200BBD1E8 /* ProjectEntityController.swift */; };
		B24AD9052B55495B00BBD1E8 /* PhotoEntityController.swift in Sources */ = {isa = PBXBuildFile; fileRef = B24AD9042B55495B00BBD1E8 /* PhotoEntityController.swift */; };
		B24EA9482B56B7C30081FBFD /* MenuUpperView.swift in Sources */ = {isa = PBXBuildFile; fileRef = B24EA9472B56B7C30081FBFD /* MenuUpperView.swift */; };
		B24EA94A2B56B7F00081FBFD /* MenuTileView.swift in Sources */ = {isa = PBXBuildFile; fileRef = B24EA9492B56B7F00081FBFD /* MenuTileView.swift */; };
		B24EA94C2B56B8260081FBFD /* MenuPlaceholderTileView.swift in Sources */ = {isa = PBXBuildFile; fileRef = B24EA94B2B56B8260081FBFD /* MenuPlaceholderTileView.swift */; };
		B24EA94E2B56B8C20081FBFD /* AddProjectGridView.swift in Sources */ = {isa = PBXBuildFile; fileRef = B24EA94D2B56B8C20081FBFD /* AddProjectGridView.swift */; };
		B24EA9502B56B8D50081FBFD /* AddProjectGridTileView.swift in Sources */ = {isa = PBXBuildFile; fileRef = B24EA94F2B56B8D50081FBFD /* AddProjectGridTileView.swift */; };
		B24EA9522B56B8F10081FBFD /* AddProjectSummaryView.swift in Sources */ = {isa = PBXBuildFile; fileRef = B24EA9512B56B8F10081FBFD /* AddProjectSummaryView.swift */; };
		B24EA9542B56B9070081FBFD /* AddProjectSummarySliderView.swift in Sources */ = {isa = PBXBuildFile; fileRef = B24EA9532B56B9070081FBFD /* AddProjectSummarySliderView.swift */; };
		B24EA9562B56C5AE0081FBFD /* KeyboardError.swift in Sources */ = {isa = PBXBuildFile; fileRef = B24EA9552B56C5AE0081FBFD /* KeyboardError.swift */; };
		B25FB5832B5D38E100EBFB16 /* ImageProjectPlaneView.swift in Sources */ = {isa = PBXBuildFile; fileRef = B25FB5822B5D38E100EBFB16 /* ImageProjectPlaneView.swift */; };
		B25FB5852B5D3AC100EBFB16 /* ImageProjectLayerView.swift in Sources */ = {isa = PBXBuildFile; fileRef = B25FB5842B5D3AC100EBFB16 /* ImageProjectLayerView.swift */; };
		B25FB5872B5D3AE000EBFB16 /* ImageProjectFrameView.swift in Sources */ = {isa = PBXBuildFile; fileRef = B25FB5862B5D3AE000EBFB16 /* ImageProjectFrameView.swift */; };
		B25FB5892B5D76BC00EBFB16 /* ImageProjectToolScrollView.swift in Sources */ = {isa = PBXBuildFile; fileRef = B25FB5882B5D76BC00EBFB16 /* ImageProjectToolScrollView.swift */; };
		B25FB5922B5DA36700EBFB16 /* ImageProjectToolTileView.swift in Sources */ = {isa = PBXBuildFile; fileRef = B25FB5912B5DA36700EBFB16 /* ImageProjectToolTileView.swift */; };
		B25FB5942B5DA85400EBFB16 /* ToolType.swift in Sources */ = {isa = PBXBuildFile; fileRef = B25FB5932B5DA85400EBFB16 /* ToolType.swift */; };
		B25FB5962B5DB07200EBFB16 /* ImageProjectToolDetailsView.swift in Sources */ = {isa = PBXBuildFile; fileRef = B25FB5952B5DB07200EBFB16 /* ImageProjectToolDetailsView.swift */; };
		B25FB59B2B5DBA2300EBFB16 /* ProjectToolTileViewModifier.swift in Sources */ = {isa = PBXBuildFile; fileRef = B25FB59A2B5DBA2300EBFB16 /* ProjectToolTileViewModifier.swift */; };
		B2675FF72B5E79800072FD3D /* Localizable.xcstrings in Resources */ = {isa = PBXBuildFile; fileRef = B2675FF62B5E79800072FD3D /* Localizable.xcstrings */; };
		B2675FF92B5E80AE0072FD3D /* ImageProjectImportPhotoView.swift in Sources */ = {isa = PBXBuildFile; fileRef = B2675FF82B5E80AE0072FD3D /* ImageProjectImportPhotoView.swift */; };
		B271509C2B4AC94600411F9A /* MenuManageProjectSheetView.swift in Sources */ = {isa = PBXBuildFile; fileRef = B271509B2B4AC94600411F9A /* MenuManageProjectSheetView.swift */; };
		B271509E2B4AD00500411F9A /* AddProjectView.swift in Sources */ = {isa = PBXBuildFile; fileRef = B271509D2B4AD00500411F9A /* AddProjectView.swift */; };
		B27150A02B4AD62D00411F9A /* AddProjectViewModel.swift in Sources */ = {isa = PBXBuildFile; fileRef = B271509F2B4AD62D00411F9A /* AddProjectViewModel.swift */; };
		B285B23F2B6932AB00258E28 /* AngleExtensions.swift in Sources */ = {isa = PBXBuildFile; fileRef = B285B23E2B6932AB00258E28 /* AngleExtensions.swift */; };
		B29415FD2B779F0B00F81596 /* ImageProjectEditingFrameView.swift in Sources */ = {isa = PBXBuildFile; fileRef = B29415FC2B779F0B00F81596 /* ImageProjectEditingFrameView.swift */; };
		B29415FF2B77FD9600F81596 /* EditFrameCircleModifier.swift in Sources */ = {isa = PBXBuildFile; fileRef = B29415FE2B77FD9600F81596 /* EditFrameCircleModifier.swift */; };
		B29416012B77FDD200F81596 /* LayerTransformationModifier.swift in Sources */ = {isa = PBXBuildFile; fileRef = B29416002B77FDD200F81596 /* LayerTransformationModifier.swift */; };
		B29416032B77FDF400F81596 /* EditFrameResizeModifier.swift in Sources */ = {isa = PBXBuildFile; fileRef = B29416022B77FDF400F81596 /* EditFrameResizeModifier.swift */; };
		B2B2B1092B4BF6E200E3E8A6 /* PhotoLibraryService.swift in Sources */ = {isa = PBXBuildFile; fileRef = B2B2B1082B4BF6E200E3E8A6 /* PhotoLibraryService.swift */; };
		B2B2B10C2B4C026E00E3E8A6 /* PhotoError.swift in Sources */ = {isa = PBXBuildFile; fileRef = B2B2B10B2B4C026E00E3E8A6 /* PhotoError.swift */; };
		B2B2B10E2B4C17D800E3E8A6 /* PHAssetExtensions.swift in Sources */ = {isa = PBXBuildFile; fileRef = B2B2B10D2B4C17D800E3E8A6 /* PHAssetExtensions.swift */; };
		B2BD0E272B4EC2F900D53B77 /* UIScreenExtensions.swift in Sources */ = {isa = PBXBuildFile; fileRef = B2BD0E262B4EC2F900D53B77 /* UIScreenExtensions.swift */; };
		B2BD0E292B4EF1E100D53B77 /* PHAssetMediaTypeExtensions.swift in Sources */ = {isa = PBXBuildFile; fileRef = B2BD0E282B4EF1E100D53B77 /* PHAssetMediaTypeExtensions.swift */; };
		B2BF7A062B5FCF2F0031B8AA /* CGPointExtensions.swift in Sources */ = {isa = PBXBuildFile; fileRef = B2BF7A052B5FCF2F0031B8AA /* CGPointExtensions.swift */; };
		B2BF7A092B600D510031B8AA /* ImageProjectToolCaseAddView.swift in Sources */ = {isa = PBXBuildFile; fileRef = B2BF7A082B600D510031B8AA /* ImageProjectToolCaseAddView.swift */; };
		B2CCFD492B7A40A60082D0A4 /* ImageProjectEditingFrameView+Gestures.swift in Sources */ = {isa = PBXBuildFile; fileRef = B2CCFD482B7A40A60082D0A4 /* ImageProjectEditingFrameView+Gestures.swift */; };
		B2CCFD4B2B7A8C570082D0A4 /* ImageProjectToolCaseLayersView.swift in Sources */ = {isa = PBXBuildFile; fileRef = B2CCFD4A2B7A8C570082D0A4 /* ImageProjectToolCaseLayersView.swift */; };
		B2CCFD4D2B7A93140082D0A4 /* ToolsModel.swift in Sources */ = {isa = PBXBuildFile; fileRef = B2CCFD4C2B7A93130082D0A4 /* ToolsModel.swift */; };
		B2F918A72B5811F400540F33 /* LayerModel.swift in Sources */ = {isa = PBXBuildFile; fileRef = B2F918A62B5811F400540F33 /* LayerModel.swift */; };
		B2F918A92B58277E00540F33 /* CGImageError.swift in Sources */ = {isa = PBXBuildFile; fileRef = B2F918A82B58277E00540F33 /* CGImageError.swift */; };
		B2F918AD2B58554300540F33 /* CGSizeExtensions.swift in Sources */ = {isa = PBXBuildFile; fileRef = B2F918AC2B58554300540F33 /* CGSizeExtensions.swift */; };
/* End PBXBuildFile section */

/* Begin PBXFileReference section */
		B200CB2A2B5008AB00BA3023 /* KeyboardNotificationService.swift */ = {isa = PBXFileReference; lastKnownFileType = sourcecode.swift; path = KeyboardNotificationService.swift; sourceTree = "<group>"; };
		B200CB2C2B50165100BA3023 /* UIView.AnimationCurveExtensions.swift */ = {isa = PBXFileReference; lastKnownFileType = sourcecode.swift; path = UIView.AnimationCurveExtensions.swift; sourceTree = "<group>"; };
		B200CB2E2B502C0800BA3023 /* HapticService.swift */ = {isa = PBXFileReference; lastKnownFileType = sourcecode.swift; path = HapticService.swift; sourceTree = "<group>"; };
		B200CB342B505D0700BA3023 /* FlieError.swift */ = {isa = PBXFileReference; lastKnownFileType = sourcecode.swift; path = FlieError.swift; sourceTree = "<group>"; };
		B200CB372B506A0D00BA3023 /* PhotoEntity.swift */ = {isa = PBXFileReference; lastKnownFileType = sourcecode.swift; path = PhotoEntity.swift; sourceTree = "<group>"; };
		B200CB3A2B506B2700BA3023 /* ImageProjectView.swift */ = {isa = PBXFileReference; lastKnownFileType = sourcecode.swift; path = ImageProjectView.swift; sourceTree = "<group>"; };
		B200CB3C2B506C3000BA3023 /* ImageProjectViewModel.swift */ = {isa = PBXFileReference; lastKnownFileType = sourcecode.swift; path = ImageProjectViewModel.swift; sourceTree = "<group>"; };
		B20507572B761E6A0060854D /* PlaneModel.swift */ = {isa = PBXFileReference; lastKnownFileType = sourcecode.swift; path = PlaneModel.swift; sourceTree = "<group>"; };
		B20507592B76334B0060854D /* ImageProjectView+Toolbar.swift */ = {isa = PBXFileReference; lastKnownFileType = sourcecode.swift; path = "ImageProjectView+Toolbar.swift"; sourceTree = "<group>"; };
		B205075B2B764E470060854D /* FrameModel.swift */ = {isa = PBXFileReference; lastKnownFileType = sourcecode.swift; path = FrameModel.swift; sourceTree = "<group>"; };
		B205075F2B769F120060854D /* EdgeOverflowError.swift */ = {isa = PBXFileReference; lastKnownFileType = sourcecode.swift; path = EdgeOverflowError.swift; sourceTree = "<group>"; };
		B2085C102B48671E004D904A /* Media-Editor.app */ = {isa = PBXFileReference; explicitFileType = wrapper.application; includeInIndex = 0; path = "Media-Editor.app"; sourceTree = BUILT_PRODUCTS_DIR; };
		B2085C132B48671E004D904A /* MediaEditorApp.swift */ = {isa = PBXFileReference; lastKnownFileType = sourcecode.swift; path = MediaEditorApp.swift; sourceTree = "<group>"; };
		B2085C172B48671F004D904A /* Assets.xcassets */ = {isa = PBXFileReference; lastKnownFileType = folder.assetcatalog; path = Assets.xcassets; sourceTree = "<group>"; };
		B2085C1A2B48671F004D904A /* Preview Assets.xcassets */ = {isa = PBXFileReference; lastKnownFileType = folder.assetcatalog; path = "Preview Assets.xcassets"; sourceTree = "<group>"; };
		B2085C212B4867D7004D904A /* MenuView.swift */ = {isa = PBXFileReference; lastKnownFileType = sourcecode.swift; path = MenuView.swift; sourceTree = "<group>"; };
		B20936692B5E82B400757317 /* ImageProjectImportPhotoGridView.swift */ = {isa = PBXFileReference; lastKnownFileType = sourcecode.swift; path = ImageProjectImportPhotoGridView.swift; sourceTree = "<group>"; };
		B209366B2B5E8F3E00757317 /* ImageProjectImportPhotoSummary.swift */ = {isa = PBXFileReference; lastKnownFileType = sourcecode.swift; path = ImageProjectImportPhotoSummary.swift; sourceTree = "<group>"; };
		B209366D2B5E912200757317 /* ImageProjectImportPhotoGridTileView.swift */ = {isa = PBXFileReference; lastKnownFileType = sourcecode.swift; path = ImageProjectImportPhotoGridTileView.swift; sourceTree = "<group>"; };
		B209366F2B5E95DD00757317 /* ColorExtensions.swift */ = {isa = PBXFileReference; lastKnownFileType = sourcecode.swift; path = ColorExtensions.swift; sourceTree = "<group>"; };
		B20936712B5E970F00757317 /* ImageProjectImportPhotoSummaryGridView.swift */ = {isa = PBXFileReference; lastKnownFileType = sourcecode.swift; path = ImageProjectImportPhotoSummaryGridView.swift; sourceTree = "<group>"; };
		B20936752B5EB7D000757317 /* ImageProjectPhotosImportedPreferenceKey.swift */ = {isa = PBXFileReference; lastKnownFileType = sourcecode.swift; path = ImageProjectPhotosImportedPreferenceKey.swift; sourceTree = "<group>"; };
		B20936772B5ED35900757317 /* StatusBarHiddenModifier.swift */ = {isa = PBXFileReference; lastKnownFileType = sourcecode.swift; path = StatusBarHiddenModifier.swift; sourceTree = "<group>"; };
		B210F5FC2B7B8D9C0072AF7D /* ImageProjectToolCaseResizeView.swift */ = {isa = PBXFileReference; lastKnownFileType = sourcecode.swift; path = ImageProjectToolCaseResizeView.swift; sourceTree = "<group>"; };
		B210F5FE2B7B90DF0072AF7D /* ImageProjectModel.swift */ = {isa = PBXFileReference; lastKnownFileType = sourcecode.swift; path = ImageProjectModel.swift; sourceTree = "<group>"; };
		B21103462B494F1400CA4981 /* ProjectType.swift */ = {isa = PBXFileReference; lastKnownFileType = sourcecode.swift; path = ProjectType.swift; sourceTree = "<group>"; };
		B211034A2B495A5B00CA4981 /* ImageExtensions.swift */ = {isa = PBXFileReference; lastKnownFileType = sourcecode.swift; path = ImageExtensions.swift; sourceTree = "<group>"; };
		B21103562B496F2F00CA4981 /* Model.xcdatamodel */ = {isa = PBXFileReference; lastKnownFileType = wrapper.xcdatamodel; path = Model.xcdatamodel; sourceTree = "<group>"; };
		B21103592B49705900CA4981 /* PersistenceController.swift */ = {isa = PBXFileReference; lastKnownFileType = sourcecode.swift; path = PersistenceController.swift; sourceTree = "<group>"; };
		B21103622B49796100CA4981 /* ImageProjectEntity.swift */ = {isa = PBXFileReference; lastKnownFileType = sourcecode.swift; path = ImageProjectEntity.swift; sourceTree = "<group>"; };
		B21103682B49856E00CA4981 /* ViewExtensions.swift */ = {isa = PBXFileReference; lastKnownFileType = sourcecode.swift; path = ViewExtensions.swift; sourceTree = "<group>"; };
		B211036C2B499DE200CA4981 /* ex_movie.mp4 */ = {isa = PBXFileReference; lastKnownFileType = file; path = ex_movie.mp4; sourceTree = "<group>"; };
		B211036D2B499DE200CA4981 /* ex_image.jpg */ = {isa = PBXFileReference; lastKnownFileType = image.jpeg; path = ex_image.jpg; sourceTree = "<group>"; };
		B21103702B49AB4500CA4981 /* MenuScrollView.swift */ = {isa = PBXFileReference; lastKnownFileType = sourcecode.swift; path = MenuScrollView.swift; sourceTree = "<group>"; };
		B21103732B49C02300CA4981 /* MenuViewModel.swift */ = {isa = PBXFileReference; lastKnownFileType = sourcecode.swift; path = MenuViewModel.swift; sourceTree = "<group>"; };
		B21D085C2B78D2CC0060C35F /* DoubleExtensions.swift */ = {isa = PBXFileReference; lastKnownFileType = sourcecode.swift; path = DoubleExtensions.swift; sourceTree = "<group>"; };
		B22744BF2B5C19ED000740DF /* NavBarAccessor.swift */ = {isa = PBXFileReference; lastKnownFileType = sourcecode.swift; path = NavBarAccessor.swift; sourceTree = "<group>"; };
		B24AD8FB2B55321300BBD1E8 /* ProjectCreatedPreferenceKey.swift */ = {isa = PBXFileReference; lastKnownFileType = sourcecode.swift; path = ProjectCreatedPreferenceKey.swift; sourceTree = "<group>"; };
		B24AD8FE2B553B1700BBD1E8 /* EntityController.swift */ = {isa = PBXFileReference; lastKnownFileType = sourcecode.swift; path = EntityController.swift; sourceTree = "<group>"; };
		B24AD9002B553C2200BBD1E8 /* ProjectEntityController.swift */ = {isa = PBXFileReference; lastKnownFileType = sourcecode.swift; path = ProjectEntityController.swift; sourceTree = "<group>"; };
		B24AD9042B55495B00BBD1E8 /* PhotoEntityController.swift */ = {isa = PBXFileReference; lastKnownFileType = sourcecode.swift; path = PhotoEntityController.swift; sourceTree = "<group>"; };
		B24EA9472B56B7C30081FBFD /* MenuUpperView.swift */ = {isa = PBXFileReference; lastKnownFileType = sourcecode.swift; path = MenuUpperView.swift; sourceTree = "<group>"; };
		B24EA9492B56B7F00081FBFD /* MenuTileView.swift */ = {isa = PBXFileReference; lastKnownFileType = sourcecode.swift; path = MenuTileView.swift; sourceTree = "<group>"; };
		B24EA94B2B56B8260081FBFD /* MenuPlaceholderTileView.swift */ = {isa = PBXFileReference; lastKnownFileType = sourcecode.swift; path = MenuPlaceholderTileView.swift; sourceTree = "<group>"; };
		B24EA94D2B56B8C20081FBFD /* AddProjectGridView.swift */ = {isa = PBXFileReference; lastKnownFileType = sourcecode.swift; path = AddProjectGridView.swift; sourceTree = "<group>"; };
		B24EA94F2B56B8D50081FBFD /* AddProjectGridTileView.swift */ = {isa = PBXFileReference; lastKnownFileType = sourcecode.swift; path = AddProjectGridTileView.swift; sourceTree = "<group>"; };
		B24EA9512B56B8F10081FBFD /* AddProjectSummaryView.swift */ = {isa = PBXFileReference; lastKnownFileType = sourcecode.swift; path = AddProjectSummaryView.swift; sourceTree = "<group>"; };
		B24EA9532B56B9070081FBFD /* AddProjectSummarySliderView.swift */ = {isa = PBXFileReference; lastKnownFileType = sourcecode.swift; path = AddProjectSummarySliderView.swift; sourceTree = "<group>"; };
		B24EA9552B56C5AE0081FBFD /* KeyboardError.swift */ = {isa = PBXFileReference; lastKnownFileType = sourcecode.swift; path = KeyboardError.swift; sourceTree = "<group>"; };
		B25FB5822B5D38E100EBFB16 /* ImageProjectPlaneView.swift */ = {isa = PBXFileReference; lastKnownFileType = sourcecode.swift; path = ImageProjectPlaneView.swift; sourceTree = "<group>"; };
		B25FB5842B5D3AC100EBFB16 /* ImageProjectLayerView.swift */ = {isa = PBXFileReference; lastKnownFileType = sourcecode.swift; path = ImageProjectLayerView.swift; sourceTree = "<group>"; };
		B25FB5862B5D3AE000EBFB16 /* ImageProjectFrameView.swift */ = {isa = PBXFileReference; lastKnownFileType = sourcecode.swift; path = ImageProjectFrameView.swift; sourceTree = "<group>"; };
		B25FB5882B5D76BC00EBFB16 /* ImageProjectToolScrollView.swift */ = {isa = PBXFileReference; lastKnownFileType = sourcecode.swift; path = ImageProjectToolScrollView.swift; sourceTree = "<group>"; };
		B25FB5912B5DA36700EBFB16 /* ImageProjectToolTileView.swift */ = {isa = PBXFileReference; lastKnownFileType = sourcecode.swift; path = ImageProjectToolTileView.swift; sourceTree = "<group>"; };
		B25FB5932B5DA85400EBFB16 /* ToolType.swift */ = {isa = PBXFileReference; lastKnownFileType = sourcecode.swift; path = ToolType.swift; sourceTree = "<group>"; };
		B25FB5952B5DB07200EBFB16 /* ImageProjectToolDetailsView.swift */ = {isa = PBXFileReference; lastKnownFileType = sourcecode.swift; path = ImageProjectToolDetailsView.swift; sourceTree = "<group>"; };
		B25FB59A2B5DBA2300EBFB16 /* ProjectToolTileViewModifier.swift */ = {isa = PBXFileReference; lastKnownFileType = sourcecode.swift; path = ProjectToolTileViewModifier.swift; sourceTree = "<group>"; };
		B2675FF62B5E79800072FD3D /* Localizable.xcstrings */ = {isa = PBXFileReference; lastKnownFileType = text.json.xcstrings; path = Localizable.xcstrings; sourceTree = "<group>"; };
		B2675FF82B5E80AE0072FD3D /* ImageProjectImportPhotoView.swift */ = {isa = PBXFileReference; lastKnownFileType = sourcecode.swift; path = ImageProjectImportPhotoView.swift; sourceTree = "<group>"; };
		B271509B2B4AC94600411F9A /* MenuManageProjectSheetView.swift */ = {isa = PBXFileReference; lastKnownFileType = sourcecode.swift; path = MenuManageProjectSheetView.swift; sourceTree = "<group>"; };
		B271509D2B4AD00500411F9A /* AddProjectView.swift */ = {isa = PBXFileReference; lastKnownFileType = sourcecode.swift; path = AddProjectView.swift; sourceTree = "<group>"; };
		B271509F2B4AD62D00411F9A /* AddProjectViewModel.swift */ = {isa = PBXFileReference; lastKnownFileType = sourcecode.swift; path = AddProjectViewModel.swift; sourceTree = "<group>"; };
		B285B23E2B6932AB00258E28 /* AngleExtensions.swift */ = {isa = PBXFileReference; lastKnownFileType = sourcecode.swift; path = AngleExtensions.swift; sourceTree = "<group>"; };
		B29415FC2B779F0B00F81596 /* ImageProjectEditingFrameView.swift */ = {isa = PBXFileReference; lastKnownFileType = sourcecode.swift; path = ImageProjectEditingFrameView.swift; sourceTree = "<group>"; };
		B29415FE2B77FD9600F81596 /* EditFrameCircleModifier.swift */ = {isa = PBXFileReference; lastKnownFileType = sourcecode.swift; path = EditFrameCircleModifier.swift; sourceTree = "<group>"; };
		B29416002B77FDD200F81596 /* LayerTransformationModifier.swift */ = {isa = PBXFileReference; lastKnownFileType = sourcecode.swift; path = LayerTransformationModifier.swift; sourceTree = "<group>"; };
		B29416022B77FDF400F81596 /* EditFrameResizeModifier.swift */ = {isa = PBXFileReference; lastKnownFileType = sourcecode.swift; path = EditFrameResizeModifier.swift; sourceTree = "<group>"; };
		B2B2B1082B4BF6E200E3E8A6 /* PhotoLibraryService.swift */ = {isa = PBXFileReference; lastKnownFileType = sourcecode.swift; path = PhotoLibraryService.swift; sourceTree = "<group>"; };
		B2B2B10B2B4C026E00E3E8A6 /* PhotoError.swift */ = {isa = PBXFileReference; lastKnownFileType = sourcecode.swift; path = PhotoError.swift; sourceTree = "<group>"; };
		B2B2B10D2B4C17D800E3E8A6 /* PHAssetExtensions.swift */ = {isa = PBXFileReference; lastKnownFileType = sourcecode.swift; path = PHAssetExtensions.swift; sourceTree = "<group>"; };
		B2BD0E262B4EC2F900D53B77 /* UIScreenExtensions.swift */ = {isa = PBXFileReference; lastKnownFileType = sourcecode.swift; path = UIScreenExtensions.swift; sourceTree = "<group>"; };
		B2BD0E282B4EF1E100D53B77 /* PHAssetMediaTypeExtensions.swift */ = {isa = PBXFileReference; lastKnownFileType = sourcecode.swift; path = PHAssetMediaTypeExtensions.swift; sourceTree = "<group>"; };
		B2BF7A052B5FCF2F0031B8AA /* CGPointExtensions.swift */ = {isa = PBXFileReference; lastKnownFileType = sourcecode.swift; path = CGPointExtensions.swift; sourceTree = "<group>"; };
		B2BF7A082B600D510031B8AA /* ImageProjectToolCaseAddView.swift */ = {isa = PBXFileReference; lastKnownFileType = sourcecode.swift; path = ImageProjectToolCaseAddView.swift; sourceTree = "<group>"; };
		B2CCFD482B7A40A60082D0A4 /* ImageProjectEditingFrameView+Gestures.swift */ = {isa = PBXFileReference; lastKnownFileType = sourcecode.swift; path = "ImageProjectEditingFrameView+Gestures.swift"; sourceTree = "<group>"; };
		B2CCFD4A2B7A8C570082D0A4 /* ImageProjectToolCaseLayersView.swift */ = {isa = PBXFileReference; lastKnownFileType = sourcecode.swift; path = ImageProjectToolCaseLayersView.swift; sourceTree = "<group>"; };
		B2CCFD4C2B7A93130082D0A4 /* ToolsModel.swift */ = {isa = PBXFileReference; lastKnownFileType = sourcecode.swift; path = ToolsModel.swift; sourceTree = "<group>"; };
		B2F918A62B5811F400540F33 /* LayerModel.swift */ = {isa = PBXFileReference; lastKnownFileType = sourcecode.swift; path = LayerModel.swift; sourceTree = "<group>"; };
		B2F918A82B58277E00540F33 /* CGImageError.swift */ = {isa = PBXFileReference; lastKnownFileType = sourcecode.swift; path = CGImageError.swift; sourceTree = "<group>"; };
		B2F918AC2B58554300540F33 /* CGSizeExtensions.swift */ = {isa = PBXFileReference; lastKnownFileType = sourcecode.swift; path = CGSizeExtensions.swift; sourceTree = "<group>"; };
/* End PBXFileReference section */

/* Begin PBXFrameworksBuildPhase section */
		B2085C0D2B48671E004D904A /* Frameworks */ = {
			isa = PBXFrameworksBuildPhase;
			buildActionMask = 2147483647;
			files = (
				B2085C262B486DA8004D904A /* Kingfisher in Frameworks */,
			);
			runOnlyForDeploymentPostprocessing = 0;
		};
/* End PBXFrameworksBuildPhase section */

/* Begin PBXGroup section */
		B2085C072B48671E004D904A = {
			isa = PBXGroup;
			children = (
				B2085C122B48671E004D904A /* Media-Editor */,
				B2085C132B48671E004D904A /* MediaEditorApp.swift */,
				B2085C112B48671E004D904A /* Products */,
			);
			sourceTree = "<group>";
		};
		B2085C112B48671E004D904A /* Products */ = {
			isa = PBXGroup;
			children = (
				B2085C102B48671E004D904A /* Media-Editor.app */,
			);
			name = Products;
			sourceTree = "<group>";
		};
		B2085C122B48671E004D904A /* Media-Editor */ = {
			isa = PBXGroup;
			children = (
				B2085C172B48671F004D904A /* Assets.xcassets */,
				B2085C192B48671F004D904A /* Preview Content */,
				B24AD8FA2B5531F900BBD1E8 /* PreferenceKeys */,
				B2675FF52B5E79560072FD3D /* Localization */,
				B211036B2B499DD000CA4981 /* Resources */,
				B21103582B49703D00CA4981 /* CoreData */,
				B2B2B10A2B4C026200E3E8A6 /* Errors */,
				B25FB5992B5DB9E900EBFB16 /* Modifiers */,
				B22744BE2B5C19CA000740DF /* Utilities */,
				B21103442B494EC800CA4981 /* Enums */,
				B24AD8FD2B55328C00BBD1E8 /* Protocols */,
				B21103482B495A4900CA4981 /* Extensions */,
				B2B2B1072B4BF6CA00E3E8A6 /* Services */,
				B2F918A52B5811E400540F33 /* Models */,
				B21103722B49C01A00CA4981 /* ViewModels */,
				B2085C232B4867E2004D904A /* Views */,
			);
			path = "Media-Editor";
			sourceTree = "<group>";
		};
		B2085C192B48671F004D904A /* Preview Content */ = {
			isa = PBXGroup;
			children = (
				B2085C1A2B48671F004D904A /* Preview Assets.xcassets */,
			);
			path = "Preview Content";
			sourceTree = "<group>";
		};
		B2085C232B4867E2004D904A /* Views */ = {
			isa = PBXGroup;
			children = (
				B25FB58C2B5D858C00EBFB16 /* Shared */,
				B24EA9432B56B6D80081FBFD /* Menu */,
				B24EA9462B56B7040081FBFD /* ImageProject */,
				B24EA9442B56B6E70081FBFD /* AddProject */,
			);
			path = Views;
			sourceTree = "<group>";
		};
		B20936732B5EA0A500757317 /* SummaryViews */ = {
			isa = PBXGroup;
			children = (
				B209366B2B5E8F3E00757317 /* ImageProjectImportPhotoSummary.swift */,
				B20936712B5E970F00757317 /* ImageProjectImportPhotoSummaryGridView.swift */,
			);
			path = SummaryViews;
			sourceTree = "<group>";
		};
		B20936742B5EA0B400757317 /* MainViews */ = {
			isa = PBXGroup;
			children = (
				B2675FF82B5E80AE0072FD3D /* ImageProjectImportPhotoView.swift */,
				B20936692B5E82B400757317 /* ImageProjectImportPhotoGridView.swift */,
				B209366D2B5E912200757317 /* ImageProjectImportPhotoGridTileView.swift */,
			);
			path = MainViews;
			sourceTree = "<group>";
		};
		B21103442B494EC800CA4981 /* Enums */ = {
			isa = PBXGroup;
			children = (
				B21103462B494F1400CA4981 /* ProjectType.swift */,
				B25FB5932B5DA85400EBFB16 /* ToolType.swift */,
			);
			path = Enums;
			sourceTree = "<group>";
		};
		B21103482B495A4900CA4981 /* Extensions */ = {
			isa = PBXGroup;
			children = (
				B211034A2B495A5B00CA4981 /* ImageExtensions.swift */,
				B21103682B49856E00CA4981 /* ViewExtensions.swift */,
				B2B2B10D2B4C17D800E3E8A6 /* PHAssetExtensions.swift */,
				B2BD0E262B4EC2F900D53B77 /* UIScreenExtensions.swift */,
				B200CB2C2B50165100BA3023 /* UIView.AnimationCurveExtensions.swift */,
				B2BD0E282B4EF1E100D53B77 /* PHAssetMediaTypeExtensions.swift */,
				B2F918AC2B58554300540F33 /* CGSizeExtensions.swift */,
				B209366F2B5E95DD00757317 /* ColorExtensions.swift */,
				B2BF7A052B5FCF2F0031B8AA /* CGPointExtensions.swift */,
				B285B23E2B6932AB00258E28 /* AngleExtensions.swift */,
				B21D085C2B78D2CC0060C35F /* DoubleExtensions.swift */,
			);
			path = Extensions;
			sourceTree = "<group>";
		};
		B21103582B49703D00CA4981 /* CoreData */ = {
			isa = PBXGroup;
			children = (
				B21103552B496F2F00CA4981 /* Model.xcdatamodeld */,
				B24AD9032B553E9600BBD1E8 /* Entities */,
				B24AD9022B553E8A00BBD1E8 /* Controllers */,
				B21103592B49705900CA4981 /* PersistenceController.swift */,
			);
			path = CoreData;
			sourceTree = "<group>";
		};
		B211036B2B499DD000CA4981 /* Resources */ = {
			isa = PBXGroup;
			children = (
				B211036D2B499DE200CA4981 /* ex_image.jpg */,
				B211036C2B499DE200CA4981 /* ex_movie.mp4 */,
			);
			path = Resources;
			sourceTree = "<group>";
		};
		B21103722B49C01A00CA4981 /* ViewModels */ = {
			isa = PBXGroup;
			children = (
				B21103732B49C02300CA4981 /* MenuViewModel.swift */,
				B271509F2B4AD62D00411F9A /* AddProjectViewModel.swift */,
				B200CB3C2B506C3000BA3023 /* ImageProjectViewModel.swift */,
			);
			path = ViewModels;
			sourceTree = "<group>";
		};
		B22744BE2B5C19CA000740DF /* Utilities */ = {
			isa = PBXGroup;
			children = (
				B22744BF2B5C19ED000740DF /* NavBarAccessor.swift */,
			);
			path = Utilities;
			sourceTree = "<group>";
		};
		B24AD8FA2B5531F900BBD1E8 /* PreferenceKeys */ = {
			isa = PBXGroup;
			children = (
				B24AD8FB2B55321300BBD1E8 /* ProjectCreatedPreferenceKey.swift */,
				B20936752B5EB7D000757317 /* ImageProjectPhotosImportedPreferenceKey.swift */,
			);
			path = PreferenceKeys;
			sourceTree = "<group>";
		};
		B24AD8FD2B55328C00BBD1E8 /* Protocols */ = {
			isa = PBXGroup;
			children = (
				B24AD8FE2B553B1700BBD1E8 /* EntityController.swift */,
			);
			path = Protocols;
			sourceTree = "<group>";
		};
		B24AD9022B553E8A00BBD1E8 /* Controllers */ = {
			isa = PBXGroup;
			children = (
				B24AD9002B553C2200BBD1E8 /* ProjectEntityController.swift */,
				B24AD9042B55495B00BBD1E8 /* PhotoEntityController.swift */,
			);
			path = Controllers;
			sourceTree = "<group>";
		};
		B24AD9032B553E9600BBD1E8 /* Entities */ = {
			isa = PBXGroup;
			children = (
				B21103622B49796100CA4981 /* ImageProjectEntity.swift */,
				B200CB372B506A0D00BA3023 /* PhotoEntity.swift */,
			);
			path = Entities;
			sourceTree = "<group>";
		};
		B24EA9432B56B6D80081FBFD /* Menu */ = {
			isa = PBXGroup;
			children = (
				B2085C212B4867D7004D904A /* MenuView.swift */,
				B21103702B49AB4500CA4981 /* MenuScrollView.swift */,
				B24EA9472B56B7C30081FBFD /* MenuUpperView.swift */,
				B24EA9492B56B7F00081FBFD /* MenuTileView.swift */,
				B24EA94B2B56B8260081FBFD /* MenuPlaceholderTileView.swift */,
				B271509B2B4AC94600411F9A /* MenuManageProjectSheetView.swift */,
			);
			path = Menu;
			sourceTree = "<group>";
		};
		B24EA9442B56B6E70081FBFD /* AddProject */ = {
			isa = PBXGroup;
			children = (
				B2675FFD2B5E81460072FD3D /* MainViews */,
				B2675FFE2B5E81590072FD3D /* SummaryViews */,
			);
			path = AddProject;
			sourceTree = "<group>";
		};
		B24EA9462B56B7040081FBFD /* ImageProject */ = {
			isa = PBXGroup;
			children = (
				B2675FFB2B5E810B0072FD3D /* MainViews */,
				B2675FFA2B5E80F80072FD3D /* ToolViews */,
				B2675FFC2B5E81200072FD3D /* ImportPhotoViews */,
			);
			path = ImageProject;
			sourceTree = "<group>";
		};
		B25FB58C2B5D858C00EBFB16 /* Shared */ = {
			isa = PBXGroup;
			children = (
			);
			path = Shared;
			sourceTree = "<group>";
		};
		B25FB5992B5DB9E900EBFB16 /* Modifiers */ = {
			isa = PBXGroup;
			children = (
				B25FB59A2B5DBA2300EBFB16 /* ProjectToolTileViewModifier.swift */,
				B20936772B5ED35900757317 /* StatusBarHiddenModifier.swift */,
				B29415FE2B77FD9600F81596 /* EditFrameCircleModifier.swift */,
				B29416002B77FDD200F81596 /* LayerTransformationModifier.swift */,
				B29416022B77FDF400F81596 /* EditFrameResizeModifier.swift */,
			);
			path = Modifiers;
			sourceTree = "<group>";
		};
		B2675FF52B5E79560072FD3D /* Localization */ = {
			isa = PBXGroup;
			children = (
				B2675FF62B5E79800072FD3D /* Localizable.xcstrings */,
			);
			path = Localization;
			sourceTree = "<group>";
		};
		B2675FFA2B5E80F80072FD3D /* ToolViews */ = {
			isa = PBXGroup;
			children = (
				B2BF7A072B600D060031B8AA /* ToolTypeViews */,
				B25FB5912B5DA36700EBFB16 /* ImageProjectToolTileView.swift */,
				B25FB5882B5D76BC00EBFB16 /* ImageProjectToolScrollView.swift */,
				B25FB5952B5DB07200EBFB16 /* ImageProjectToolDetailsView.swift */,
			);
			path = ToolViews;
			sourceTree = "<group>";
		};
		B2675FFB2B5E810B0072FD3D /* MainViews */ = {
			isa = PBXGroup;
			children = (
				B200CB3A2B506B2700BA3023 /* ImageProjectView.swift */,
				B25FB5822B5D38E100EBFB16 /* ImageProjectPlaneView.swift */,
				B25FB5862B5D3AE000EBFB16 /* ImageProjectFrameView.swift */,
				B25FB5842B5D3AC100EBFB16 /* ImageProjectLayerView.swift */,
				B20507592B76334B0060854D /* ImageProjectView+Toolbar.swift */,
				B29415FC2B779F0B00F81596 /* ImageProjectEditingFrameView.swift */,
				B2CCFD482B7A40A60082D0A4 /* ImageProjectEditingFrameView+Gestures.swift */,
			);
			path = MainViews;
			sourceTree = "<group>";
		};
		B2675FFC2B5E81200072FD3D /* ImportPhotoViews */ = {
			isa = PBXGroup;
			children = (
				B20936742B5EA0B400757317 /* MainViews */,
				B20936732B5EA0A500757317 /* SummaryViews */,
			);
			path = ImportPhotoViews;
			sourceTree = "<group>";
		};
		B2675FFD2B5E81460072FD3D /* MainViews */ = {
			isa = PBXGroup;
			children = (
				B271509D2B4AD00500411F9A /* AddProjectView.swift */,
				B24EA94D2B56B8C20081FBFD /* AddProjectGridView.swift */,
				B24EA94F2B56B8D50081FBFD /* AddProjectGridTileView.swift */,
			);
			path = MainViews;
			sourceTree = "<group>";
		};
		B2675FFE2B5E81590072FD3D /* SummaryViews */ = {
			isa = PBXGroup;
			children = (
				B24EA9512B56B8F10081FBFD /* AddProjectSummaryView.swift */,
				B24EA9532B56B9070081FBFD /* AddProjectSummarySliderView.swift */,
			);
			path = SummaryViews;
			sourceTree = "<group>";
		};
		B2B2B1072B4BF6CA00E3E8A6 /* Services */ = {
			isa = PBXGroup;
			children = (
				B2B2B1082B4BF6E200E3E8A6 /* PhotoLibraryService.swift */,
				B200CB2A2B5008AB00BA3023 /* KeyboardNotificationService.swift */,
				B200CB2E2B502C0800BA3023 /* HapticService.swift */,
			);
			path = Services;
			sourceTree = "<group>";
		};
		B2B2B10A2B4C026200E3E8A6 /* Errors */ = {
			isa = PBXGroup;
			children = (
				B2B2B10B2B4C026E00E3E8A6 /* PhotoError.swift */,
				B200CB342B505D0700BA3023 /* FlieError.swift */,
				B24EA9552B56C5AE0081FBFD /* KeyboardError.swift */,
				B2F918A82B58277E00540F33 /* CGImageError.swift */,
				B205075F2B769F120060854D /* EdgeOverflowError.swift */,
			);
			path = Errors;
			sourceTree = "<group>";
		};
		B2BF7A072B600D060031B8AA /* ToolTypeViews */ = {
			isa = PBXGroup;
			children = (
				B2BF7A082B600D510031B8AA /* ImageProjectToolCaseAddView.swift */,
				B2CCFD4A2B7A8C570082D0A4 /* ImageProjectToolCaseLayersView.swift */,
				B210F5FC2B7B8D9C0072AF7D /* ImageProjectToolCaseResizeView.swift */,
			);
			path = ToolTypeViews;
			sourceTree = "<group>";
		};
		B2F918A52B5811E400540F33 /* Models */ = {
			isa = PBXGroup;
			children = (
				B2F918A62B5811F400540F33 /* LayerModel.swift */,
				B20507572B761E6A0060854D /* PlaneModel.swift */,
				B205075B2B764E470060854D /* FrameModel.swift */,
				B2CCFD4C2B7A93130082D0A4 /* ToolsModel.swift */,
				B210F5FE2B7B90DF0072AF7D /* ImageProjectModel.swift */,
			);
			path = Models;
			sourceTree = "<group>";
		};
/* End PBXGroup section */

/* Begin PBXNativeTarget section */
		B2085C0F2B48671E004D904A /* Media-Editor */ = {
			isa = PBXNativeTarget;
			buildConfigurationList = B2085C1E2B48671F004D904A /* Build configuration list for PBXNativeTarget "Media-Editor" */;
			buildPhases = (
				B2085C0C2B48671E004D904A /* Sources */,
				B2085C0D2B48671E004D904A /* Frameworks */,
				B2085C0E2B48671E004D904A /* Resources */,
				B22744C12B5C6D56000740DF /* ShellScript */,
			);
			buildRules = (
			);
			dependencies = (
			);
			name = "Media-Editor";
			packageProductDependencies = (
				B2085C252B486DA8004D904A /* Kingfisher */,
			);
			productName = "Media-Editor";
			productReference = B2085C102B48671E004D904A /* Media-Editor.app */;
			productType = "com.apple.product-type.application";
		};
/* End PBXNativeTarget section */

/* Begin PBXProject section */
		B2085C082B48671E004D904A /* Project object */ = {
			isa = PBXProject;
			attributes = {
				BuildIndependentTargetsInParallel = 1;
				LastSwiftUpdateCheck = 1510;
				LastUpgradeCheck = 1510;
				TargetAttributes = {
					B2085C0F2B48671E004D904A = {
						CreatedOnToolsVersion = 15.1;
					};
				};
			};
			buildConfigurationList = B2085C0B2B48671E004D904A /* Build configuration list for PBXProject "Media-Editor" */;
			compatibilityVersion = "Xcode 14.0";
			developmentRegion = en;
			hasScannedForEncodings = 0;
			knownRegions = (
				en,
				Base,
			);
			mainGroup = B2085C072B48671E004D904A;
			packageReferences = (
				B2085C242B486DA8004D904A /* XCRemoteSwiftPackageReference "Kingfisher" */,
			);
			productRefGroup = B2085C112B48671E004D904A /* Products */;
			projectDirPath = "";
			projectRoot = "";
			targets = (
				B2085C0F2B48671E004D904A /* Media-Editor */,
			);
		};
/* End PBXProject section */

/* Begin PBXResourcesBuildPhase section */
		B2085C0E2B48671E004D904A /* Resources */ = {
			isa = PBXResourcesBuildPhase;
			buildActionMask = 2147483647;
			files = (
				B211036A2B499D3D00CA4981 /* Assets.xcassets in Resources */,
				B2675FF72B5E79800072FD3D /* Localizable.xcstrings in Resources */,
				B2085C1B2B48671F004D904A /* Preview Assets.xcassets in Resources */,
				B211036F2B499DE200CA4981 /* ex_image.jpg in Resources */,
				B211036E2B499DE200CA4981 /* ex_movie.mp4 in Resources */,
			);
			runOnlyForDeploymentPostprocessing = 0;
		};
/* End PBXResourcesBuildPhase section */

/* Begin PBXShellScriptBuildPhase section */
		B22744C12B5C6D56000740DF /* ShellScript */ = {
			isa = PBXShellScriptBuildPhase;
			alwaysOutOfDate = 1;
			buildActionMask = 2147483647;
			files = (
			);
			inputFileListPaths = (
			);
			inputPaths = (
			);
			outputFileListPaths = (
			);
			outputPaths = (
			);
			runOnlyForDeploymentPostprocessing = 0;
			shellPath = /bin/sh;
			shellScript = "if [[ \"$(uname -m)\" == arm64 ]]; then\n    export PATH=\"/opt/homebrew/bin:$PATH\"\nfi\n\nif which swiftlint > /dev/null; then\n  swiftlint\nelse\n  echo \"warning: SwiftLint not installed, download from https://github.com/realm/SwiftLint\"\nfi\n";
		};
/* End PBXShellScriptBuildPhase section */

/* Begin PBXSourcesBuildPhase section */
		B2085C0C2B48671E004D904A /* Sources */ = {
			isa = PBXSourcesBuildPhase;
			buildActionMask = 2147483647;
			files = (
				B27150A02B4AD62D00411F9A /* AddProjectViewModel.swift in Sources */,
				B24AD8FF2B553B1700BBD1E8 /* EntityController.swift in Sources */,
				B24EA9522B56B8F10081FBFD /* AddProjectSummaryView.swift in Sources */,
				B29415FD2B779F0B00F81596 /* ImageProjectEditingFrameView.swift in Sources */,
				B200CB2B2B5008AB00BA3023 /* KeyboardNotificationService.swift in Sources */,
				B2BF7A092B600D510031B8AA /* ImageProjectToolCaseAddView.swift in Sources */,
				B24EA94C2B56B8260081FBFD /* MenuPlaceholderTileView.swift in Sources */,
				B200CB2D2B50165100BA3023 /* UIView.AnimationCurveExtensions.swift in Sources */,
				B25FB5832B5D38E100EBFB16 /* ImageProjectPlaneView.swift in Sources */,
				B25FB5962B5DB07200EBFB16 /* ImageProjectToolDetailsView.swift in Sources */,
				B24AD8FC2B55321300BBD1E8 /* ProjectCreatedPreferenceKey.swift in Sources */,
				B20507582B761E6A0060854D /* PlaneModel.swift in Sources */,
				B2BD0E272B4EC2F900D53B77 /* UIScreenExtensions.swift in Sources */,
				B24EA94A2B56B7F00081FBFD /* MenuTileView.swift in Sources */,
				B29416012B77FDD200F81596 /* LayerTransformationModifier.swift in Sources */,
				B271509E2B4AD00500411F9A /* AddProjectView.swift in Sources */,
				B21103642B49796100CA4981 /* ImageProjectEntity.swift in Sources */,
				B2CCFD492B7A40A60082D0A4 /* ImageProjectEditingFrameView+Gestures.swift in Sources */,
				B24AD9052B55495B00BBD1E8 /* PhotoEntityController.swift in Sources */,
				B24AD9012B553C2200BBD1E8 /* ProjectEntityController.swift in Sources */,
				B25FB5922B5DA36700EBFB16 /* ImageProjectToolTileView.swift in Sources */,
				B25FB59B2B5DBA2300EBFB16 /* ProjectToolTileViewModifier.swift in Sources */,
				B24EA9482B56B7C30081FBFD /* MenuUpperView.swift in Sources */,
				B21103742B49C02300CA4981 /* MenuViewModel.swift in Sources */,
				B2B2B1092B4BF6E200E3E8A6 /* PhotoLibraryService.swift in Sources */,
				B22744C02B5C19ED000740DF /* NavBarAccessor.swift in Sources */,
				B21103472B494F1400CA4981 /* ProjectType.swift in Sources */,
				B2085C222B4867D7004D904A /* MenuView.swift in Sources */,
				B205075C2B764E470060854D /* FrameModel.swift in Sources */,
				B210F5FF2B7B90DF0072AF7D /* ImageProjectModel.swift in Sources */,
				B285B23F2B6932AB00258E28 /* AngleExtensions.swift in Sources */,
				B25FB5852B5D3AC100EBFB16 /* ImageProjectLayerView.swift in Sources */,
				B2085C142B48671E004D904A /* MediaEditorApp.swift in Sources */,
				B24EA9502B56B8D50081FBFD /* AddProjectGridTileView.swift in Sources */,
				B21D085D2B78D2CC0060C35F /* DoubleExtensions.swift in Sources */,
				B271509C2B4AC94600411F9A /* MenuManageProjectSheetView.swift in Sources */,
				B24EA94E2B56B8C20081FBFD /* AddProjectGridView.swift in Sources */,
				B2B2B10C2B4C026E00E3E8A6 /* PhotoError.swift in Sources */,
				B25FB5872B5D3AE000EBFB16 /* ImageProjectFrameView.swift in Sources */,
				B205075A2B76334B0060854D /* ImageProjectView+Toolbar.swift in Sources */,
				B20507602B769F120060854D /* EdgeOverflowError.swift in Sources */,
				B200CB3B2B506B2800BA3023 /* ImageProjectView.swift in Sources */,
				B2675FF92B5E80AE0072FD3D /* ImageProjectImportPhotoView.swift in Sources */,
				B2F918A72B5811F400540F33 /* LayerModel.swift in Sources */,
				B21103712B49AB4500CA4981 /* MenuScrollView.swift in Sources */,
				B21103572B496F2F00CA4981 /* Model.xcdatamodeld in Sources */,
				B2CCFD4D2B7A93140082D0A4 /* ToolsModel.swift in Sources */,
				B20936762B5EB7D000757317 /* ImageProjectPhotosImportedPreferenceKey.swift in Sources */,
				B200CB2F2B502C0800BA3023 /* HapticService.swift in Sources */,
				B21103692B49856E00CA4981 /* ViewExtensions.swift in Sources */,
				B20936702B5E95DD00757317 /* ColorExtensions.swift in Sources */,
				B24EA9562B56C5AE0081FBFD /* KeyboardError.swift in Sources */,
				B25FB5942B5DA85400EBFB16 /* ToolType.swift in Sources */,
				B25FB5892B5D76BC00EBFB16 /* ImageProjectToolScrollView.swift in Sources */,
				B2F918AD2B58554300540F33 /* CGSizeExtensions.swift in Sources */,
				B20936782B5ED35900757317 /* StatusBarHiddenModifier.swift in Sources */,
				B209366E2B5E912200757317 /* ImageProjectImportPhotoGridTileView.swift in Sources */,
				B2BD0E292B4EF1E100D53B77 /* PHAssetMediaTypeExtensions.swift in Sources */,
				B200CB392B506A0D00BA3023 /* PhotoEntity.swift in Sources */,
				B200CB3D2B506C3000BA3023 /* ImageProjectViewModel.swift in Sources */,
				B20936722B5E970F00757317 /* ImageProjectImportPhotoSummaryGridView.swift in Sources */,
				B2CCFD4B2B7A8C570082D0A4 /* ImageProjectToolCaseLayersView.swift in Sources */,
				B24EA9542B56B9070081FBFD /* AddProjectSummarySliderView.swift in Sources */,
				B2BF7A062B5FCF2F0031B8AA /* CGPointExtensions.swift in Sources */,
				B209366A2B5E82B400757317 /* ImageProjectImportPhotoGridView.swift in Sources */,
				B2B2B10E2B4C17D800E3E8A6 /* PHAssetExtensions.swift in Sources */,
				B200CB352B505D0700BA3023 /* FlieError.swift in Sources */,
				B211034B2B495A5B00CA4981 /* ImageExtensions.swift in Sources */,
				B209366C2B5E8F3E00757317 /* ImageProjectImportPhotoSummary.swift in Sources */,
				B211035A2B49705900CA4981 /* PersistenceController.swift in Sources */,
				B29415FF2B77FD9600F81596 /* EditFrameCircleModifier.swift in Sources */,
				B29416032B77FDF400F81596 /* EditFrameResizeModifier.swift in Sources */,
				B210F5FD2B7B8D9C0072AF7D /* ImageProjectToolCaseResizeView.swift in Sources */,
				B2F918A92B58277E00540F33 /* CGImageError.swift in Sources */,
			);
			runOnlyForDeploymentPostprocessing = 0;
		};
/* End PBXSourcesBuildPhase section */

/* Begin XCBuildConfiguration section */
		B2085C1C2B48671F004D904A /* Debug */ = {
			isa = XCBuildConfiguration;
			buildSettings = {
				ALWAYS_SEARCH_USER_PATHS = NO;
				ASSETCATALOG_COMPILER_GENERATE_SWIFT_ASSET_SYMBOL_EXTENSIONS = YES;
				CLANG_ANALYZER_NONNULL = YES;
				CLANG_ANALYZER_NUMBER_OBJECT_CONVERSION = YES_AGGRESSIVE;
				CLANG_CXX_LANGUAGE_STANDARD = "gnu++20";
				CLANG_ENABLE_MODULES = YES;
				CLANG_ENABLE_OBJC_ARC = YES;
				CLANG_ENABLE_OBJC_WEAK = YES;
				CLANG_WARN_BLOCK_CAPTURE_AUTORELEASING = YES;
				CLANG_WARN_BOOL_CONVERSION = YES;
				CLANG_WARN_COMMA = YES;
				CLANG_WARN_CONSTANT_CONVERSION = YES;
				CLANG_WARN_DEPRECATED_OBJC_IMPLEMENTATIONS = YES;
				CLANG_WARN_DIRECT_OBJC_ISA_USAGE = YES_ERROR;
				CLANG_WARN_DOCUMENTATION_COMMENTS = YES;
				CLANG_WARN_EMPTY_BODY = YES;
				CLANG_WARN_ENUM_CONVERSION = YES;
				CLANG_WARN_INFINITE_RECURSION = YES;
				CLANG_WARN_INT_CONVERSION = YES;
				CLANG_WARN_NON_LITERAL_NULL_CONVERSION = YES;
				CLANG_WARN_OBJC_IMPLICIT_RETAIN_SELF = YES;
				CLANG_WARN_OBJC_LITERAL_CONVERSION = YES;
				CLANG_WARN_OBJC_ROOT_CLASS = YES_ERROR;
				CLANG_WARN_QUOTED_INCLUDE_IN_FRAMEWORK_HEADER = YES;
				CLANG_WARN_RANGE_LOOP_ANALYSIS = YES;
				CLANG_WARN_STRICT_PROTOTYPES = YES;
				CLANG_WARN_SUSPICIOUS_MOVE = YES;
				CLANG_WARN_UNGUARDED_AVAILABILITY = YES_AGGRESSIVE;
				CLANG_WARN_UNREACHABLE_CODE = YES;
				CLANG_WARN__DUPLICATE_METHOD_MATCH = YES;
				COPY_PHASE_STRIP = NO;
				DEBUG_INFORMATION_FORMAT = dwarf;
				ENABLE_STRICT_OBJC_MSGSEND = YES;
				ENABLE_TESTABILITY = YES;
				ENABLE_USER_SCRIPT_SANDBOXING = YES;
				GCC_C_LANGUAGE_STANDARD = gnu17;
				GCC_DYNAMIC_NO_PIC = NO;
				GCC_NO_COMMON_BLOCKS = YES;
				GCC_OPTIMIZATION_LEVEL = 0;
				GCC_PREPROCESSOR_DEFINITIONS = (
					"DEBUG=1",
					"$(inherited)",
				);
				GCC_WARN_64_TO_32_BIT_CONVERSION = YES;
				GCC_WARN_ABOUT_RETURN_TYPE = YES_ERROR;
				GCC_WARN_UNDECLARED_SELECTOR = YES;
				GCC_WARN_UNINITIALIZED_AUTOS = YES_AGGRESSIVE;
				GCC_WARN_UNUSED_FUNCTION = YES;
				GCC_WARN_UNUSED_VARIABLE = YES;
				IPHONEOS_DEPLOYMENT_TARGET = 17.2;
				LOCALIZATION_PREFERS_STRING_CATALOGS = YES;
				MTL_ENABLE_DEBUG_INFO = INCLUDE_SOURCE;
				MTL_FAST_MATH = YES;
				ONLY_ACTIVE_ARCH = YES;
				SDKROOT = iphoneos;
				SWIFT_ACTIVE_COMPILATION_CONDITIONS = "DEBUG $(inherited)";
				SWIFT_OPTIMIZATION_LEVEL = "-Onone";
			};
			name = Debug;
		};
		B2085C1D2B48671F004D904A /* Release */ = {
			isa = XCBuildConfiguration;
			buildSettings = {
				ALWAYS_SEARCH_USER_PATHS = NO;
				ASSETCATALOG_COMPILER_GENERATE_SWIFT_ASSET_SYMBOL_EXTENSIONS = YES;
				CLANG_ANALYZER_NONNULL = YES;
				CLANG_ANALYZER_NUMBER_OBJECT_CONVERSION = YES_AGGRESSIVE;
				CLANG_CXX_LANGUAGE_STANDARD = "gnu++20";
				CLANG_ENABLE_MODULES = YES;
				CLANG_ENABLE_OBJC_ARC = YES;
				CLANG_ENABLE_OBJC_WEAK = YES;
				CLANG_WARN_BLOCK_CAPTURE_AUTORELEASING = YES;
				CLANG_WARN_BOOL_CONVERSION = YES;
				CLANG_WARN_COMMA = YES;
				CLANG_WARN_CONSTANT_CONVERSION = YES;
				CLANG_WARN_DEPRECATED_OBJC_IMPLEMENTATIONS = YES;
				CLANG_WARN_DIRECT_OBJC_ISA_USAGE = YES_ERROR;
				CLANG_WARN_DOCUMENTATION_COMMENTS = YES;
				CLANG_WARN_EMPTY_BODY = YES;
				CLANG_WARN_ENUM_CONVERSION = YES;
				CLANG_WARN_INFINITE_RECURSION = YES;
				CLANG_WARN_INT_CONVERSION = YES;
				CLANG_WARN_NON_LITERAL_NULL_CONVERSION = YES;
				CLANG_WARN_OBJC_IMPLICIT_RETAIN_SELF = YES;
				CLANG_WARN_OBJC_LITERAL_CONVERSION = YES;
				CLANG_WARN_OBJC_ROOT_CLASS = YES_ERROR;
				CLANG_WARN_QUOTED_INCLUDE_IN_FRAMEWORK_HEADER = YES;
				CLANG_WARN_RANGE_LOOP_ANALYSIS = YES;
				CLANG_WARN_STRICT_PROTOTYPES = YES;
				CLANG_WARN_SUSPICIOUS_MOVE = YES;
				CLANG_WARN_UNGUARDED_AVAILABILITY = YES_AGGRESSIVE;
				CLANG_WARN_UNREACHABLE_CODE = YES;
				CLANG_WARN__DUPLICATE_METHOD_MATCH = YES;
				COPY_PHASE_STRIP = NO;
				DEBUG_INFORMATION_FORMAT = "dwarf-with-dsym";
				ENABLE_NS_ASSERTIONS = NO;
				ENABLE_STRICT_OBJC_MSGSEND = YES;
				ENABLE_USER_SCRIPT_SANDBOXING = YES;
				GCC_C_LANGUAGE_STANDARD = gnu17;
				GCC_NO_COMMON_BLOCKS = YES;
				GCC_WARN_64_TO_32_BIT_CONVERSION = YES;
				GCC_WARN_ABOUT_RETURN_TYPE = YES_ERROR;
				GCC_WARN_UNDECLARED_SELECTOR = YES;
				GCC_WARN_UNINITIALIZED_AUTOS = YES_AGGRESSIVE;
				GCC_WARN_UNUSED_FUNCTION = YES;
				GCC_WARN_UNUSED_VARIABLE = YES;
				IPHONEOS_DEPLOYMENT_TARGET = 17.2;
				LOCALIZATION_PREFERS_STRING_CATALOGS = YES;
				MTL_ENABLE_DEBUG_INFO = NO;
				MTL_FAST_MATH = YES;
				SDKROOT = iphoneos;
				SWIFT_COMPILATION_MODE = wholemodule;
				VALIDATE_PRODUCT = YES;
			};
			name = Release;
		};
		B2085C1F2B48671F004D904A /* Debug */ = {
			isa = XCBuildConfiguration;
			buildSettings = {
				ASSETCATALOG_COMPILER_APPICON_NAME = AppIcon;
				ASSETCATALOG_COMPILER_GLOBAL_ACCENT_COLOR_NAME = AccentColor;
				CODE_SIGN_STYLE = Automatic;
				CURRENT_PROJECT_VERSION = 1;
				DEVELOPMENT_ASSET_PATHS = "\"Media-Editor/Preview Content\"";
				DEVELOPMENT_TEAM = J6U333HZ7J;
				ENABLE_PREVIEWS = YES;
				ENABLE_USER_SCRIPT_SANDBOXING = NO;
				GENERATE_INFOPLIST_FILE = YES;
				INFOPLIST_KEY_NSPhotoLibraryUsageDescription = "Please allow usage of your Photo Library to begin";
				INFOPLIST_KEY_UIApplicationSceneManifest_Generation = YES;
				INFOPLIST_KEY_UIApplicationSupportsIndirectInputEvents = YES;
				INFOPLIST_KEY_UILaunchScreen_Generation = YES;
				INFOPLIST_KEY_UISupportedInterfaceOrientations = UIInterfaceOrientationPortrait;
				INFOPLIST_KEY_UISupportedInterfaceOrientations_iPad = "UIInterfaceOrientationLandscapeLeft UIInterfaceOrientationLandscapeRight UIInterfaceOrientationPortrait UIInterfaceOrientationPortraitUpsideDown";
				IPHONEOS_DEPLOYMENT_TARGET = 15.0;
				LD_RUNPATH_SEARCH_PATHS = (
					"$(inherited)",
					"@executable_path/Frameworks",
				);
				MARKETING_VERSION = 1.0;
				PRODUCT_BUNDLE_IDENTIFIER = "lukaszbielawski.Media-Editor";
				PRODUCT_NAME = "$(TARGET_NAME)";
				SWIFT_EMIT_LOC_STRINGS = YES;
				SWIFT_VERSION = 5.0;
				TARGETED_DEVICE_FAMILY = "1,2";
			};
			name = Debug;
		};
		B2085C202B48671F004D904A /* Release */ = {
			isa = XCBuildConfiguration;
			buildSettings = {
				ASSETCATALOG_COMPILER_APPICON_NAME = AppIcon;
				ASSETCATALOG_COMPILER_GLOBAL_ACCENT_COLOR_NAME = AccentColor;
				CODE_SIGN_STYLE = Automatic;
				CURRENT_PROJECT_VERSION = 1;
				DEVELOPMENT_ASSET_PATHS = "\"Media-Editor/Preview Content\"";
				DEVELOPMENT_TEAM = J6U333HZ7J;
				ENABLE_PREVIEWS = YES;
				ENABLE_USER_SCRIPT_SANDBOXING = NO;
				GENERATE_INFOPLIST_FILE = YES;
				INFOPLIST_KEY_NSPhotoLibraryUsageDescription = "Please allow usage of your Photo Library to begin";
				INFOPLIST_KEY_UIApplicationSceneManifest_Generation = YES;
				INFOPLIST_KEY_UIApplicationSupportsIndirectInputEvents = YES;
				INFOPLIST_KEY_UILaunchScreen_Generation = YES;
				INFOPLIST_KEY_UISupportedInterfaceOrientations = UIInterfaceOrientationPortrait;
				INFOPLIST_KEY_UISupportedInterfaceOrientations_iPad = "UIInterfaceOrientationLandscapeLeft UIInterfaceOrientationLandscapeRight UIInterfaceOrientationPortrait UIInterfaceOrientationPortraitUpsideDown";
				IPHONEOS_DEPLOYMENT_TARGET = 15.0;
				LD_RUNPATH_SEARCH_PATHS = (
					"$(inherited)",
					"@executable_path/Frameworks",
				);
				MARKETING_VERSION = 1.0;
				PRODUCT_BUNDLE_IDENTIFIER = "lukaszbielawski.Media-Editor";
				PRODUCT_NAME = "$(TARGET_NAME)";
				SWIFT_EMIT_LOC_STRINGS = YES;
				SWIFT_VERSION = 5.0;
				TARGETED_DEVICE_FAMILY = "1,2";
			};
			name = Release;
		};
/* End XCBuildConfiguration section */

/* Begin XCConfigurationList section */
		B2085C0B2B48671E004D904A /* Build configuration list for PBXProject "Media-Editor" */ = {
			isa = XCConfigurationList;
			buildConfigurations = (
				B2085C1C2B48671F004D904A /* Debug */,
				B2085C1D2B48671F004D904A /* Release */,
			);
			defaultConfigurationIsVisible = 0;
			defaultConfigurationName = Release;
		};
		B2085C1E2B48671F004D904A /* Build configuration list for PBXNativeTarget "Media-Editor" */ = {
			isa = XCConfigurationList;
			buildConfigurations = (
				B2085C1F2B48671F004D904A /* Debug */,
				B2085C202B48671F004D904A /* Release */,
			);
			defaultConfigurationIsVisible = 0;
			defaultConfigurationName = Release;
		};
/* End XCConfigurationList section */

/* Begin XCRemoteSwiftPackageReference section */
		B2085C242B486DA8004D904A /* XCRemoteSwiftPackageReference "Kingfisher" */ = {
			isa = XCRemoteSwiftPackageReference;
			repositoryURL = "https://github.com/onevcat/Kingfisher.git";
			requirement = {
				kind = upToNextMajorVersion;
				minimumVersion = 7.10.1;
			};
		};
/* End XCRemoteSwiftPackageReference section */

/* Begin XCSwiftPackageProductDependency section */
		B2085C252B486DA8004D904A /* Kingfisher */ = {
			isa = XCSwiftPackageProductDependency;
			package = B2085C242B486DA8004D904A /* XCRemoteSwiftPackageReference "Kingfisher" */;
			productName = Kingfisher;
		};
/* End XCSwiftPackageProductDependency section */

/* Begin XCVersionGroup section */
		B21103552B496F2F00CA4981 /* Model.xcdatamodeld */ = {
			isa = XCVersionGroup;
			children = (
				B21103562B496F2F00CA4981 /* Model.xcdatamodel */,
			);
			currentVersion = B21103562B496F2F00CA4981 /* Model.xcdatamodel */;
			path = Model.xcdatamodeld;
			sourceTree = "<group>";
			versionGroupType = wrapper.xcdatamodel;
		};
/* End XCVersionGroup section */
	};
	rootObject = B2085C082B48671E004D904A /* Project object */;
}
